// !$*UTF8*$!
{
	archiveVersion = 1;
	classes = {
	};
	objectVersion = 56;
	objects = {

/* Begin PBXBuildFile section */
		330FE5F12BCAE95F0028014A /* AppDelegate.swift in Sources */ = {isa = PBXBuildFile; fileRef = 330FE5F02BCAE95F0028014A /* AppDelegate.swift */; };
		330FE5F32BCAE95F0028014A /* SceneDelegate.swift in Sources */ = {isa = PBXBuildFile; fileRef = 330FE5F22BCAE95F0028014A /* SceneDelegate.swift */; };
		330FE5F52BCAE95F0028014A /* ViewController.swift in Sources */ = {isa = PBXBuildFile; fileRef = 330FE5F42BCAE95F0028014A /* ViewController.swift */; };
		330FE5F82BCAE95F0028014A /* Main.storyboard in Resources */ = {isa = PBXBuildFile; fileRef = 330FE5F62BCAE95F0028014A /* Main.storyboard */; };
		330FE5FA2BCAE9600028014A /* Assets.xcassets in Resources */ = {isa = PBXBuildFile; fileRef = 330FE5F92BCAE9600028014A /* Assets.xcassets */; };
		330FE5FD2BCAE9600028014A /* LaunchScreen.storyboard in Resources */ = {isa = PBXBuildFile; fileRef = 330FE5FB2BCAE9600028014A /* LaunchScreen.storyboard */; };
		330FE6082BCAE9600028014A /* GestureRecognizerTests.swift in Sources */ = {isa = PBXBuildFile; fileRef = 330FE6072BCAE9600028014A /* GestureRecognizerTests.swift */; };
		330FE6122BCAE9600028014A /* GestureRecognizerUITests.swift in Sources */ = {isa = PBXBuildFile; fileRef = 330FE6112BCAE9600028014A /* GestureRecognizerUITests.swift */; };
		330FE6142BCAE9600028014A /* GestureRecognizerUITestsLaunchTests.swift in Sources */ = {isa = PBXBuildFile; fileRef = 330FE6132BCAE9600028014A /* GestureRecognizerUITestsLaunchTests.swift */; };
		330FE6222BCAFB4C0028014A /* cyberpunk.jpg in Resources */ = {isa = PBXBuildFile; fileRef = 330FE6202BCAFB4C0028014A /* cyberpunk.jpg */; };
		330FE6232BCAFB4C0028014A /* ciricyberpunk.jpeg in Resources */ = {isa = PBXBuildFile; fileRef = 330FE6212BCAFB4C0028014A /* ciricyberpunk.jpeg */; };
/* End PBXBuildFile section */

/* Begin PBXContainerItemProxy section */
		330FE6042BCAE9600028014A /* PBXContainerItemProxy */ = {
			isa = PBXContainerItemProxy;
			containerPortal = 330FE5E52BCAE95F0028014A /* Project object */;
			proxyType = 1;
			remoteGlobalIDString = 330FE5EC2BCAE95F0028014A;
			remoteInfo = GestureRecognizer;
		};
		330FE60E2BCAE9600028014A /* PBXContainerItemProxy */ = {
			isa = PBXContainerItemProxy;
			containerPortal = 330FE5E52BCAE95F0028014A /* Project object */;
			proxyType = 1;
			remoteGlobalIDString = 330FE5EC2BCAE95F0028014A;
			remoteInfo = GestureRecognizer;
		};
/* End PBXContainerItemProxy section */

/* Begin PBXFileReference section */
		330FE5ED2BCAE95F0028014A /* GestureRecognizer.app */ = {isa = PBXFileReference; explicitFileType = wrapper.application; includeInIndex = 0; path = GestureRecognizer.app; sourceTree = BUILT_PRODUCTS_DIR; };
		330FE5F02BCAE95F0028014A /* AppDelegate.swift */ = {isa = PBXFileReference; lastKnownFileType = sourcecode.swift; path = AppDelegate.swift; sourceTree = "<group>"; };
		330FE5F22BCAE95F0028014A /* SceneDelegate.swift */ = {isa = PBXFileReference; lastKnownFileType = sourcecode.swift; path = SceneDelegate.swift; sourceTree = "<group>"; };
		330FE5F42BCAE95F0028014A /* ViewController.swift */ = {isa = PBXFileReference; lastKnownFileType = sourcecode.swift; path = ViewController.swift; sourceTree = "<group>"; };
		330FE5F72BCAE95F0028014A /* Base */ = {isa = PBXFileReference; lastKnownFileType = file.storyboard; name = Base; path = Base.lproj/Main.storyboard; sourceTree = "<group>"; };
		330FE5F92BCAE9600028014A /* Assets.xcassets */ = {isa = PBXFileReference; lastKnownFileType = folder.assetcatalog; path = Assets.xcassets; sourceTree = "<group>"; };
		330FE5FC2BCAE9600028014A /* Base */ = {isa = PBXFileReference; lastKnownFileType = file.storyboard; name = Base; path = Base.lproj/LaunchScreen.storyboard; sourceTree = "<group>"; };
		330FE5FE2BCAE9600028014A /* Info.plist */ = {isa = PBXFileReference; lastKnownFileType = text.plist.xml; path = Info.plist; sourceTree = "<group>"; };
		330FE6032BCAE9600028014A /* GestureRecognizerTests.xctest */ = {isa = PBXFileReference; explicitFileType = wrapper.cfbundle; includeInIndex = 0; path = GestureRecognizerTests.xctest; sourceTree = BUILT_PRODUCTS_DIR; };
		330FE6072BCAE9600028014A /* GestureRecognizerTests.swift */ = {isa = PBXFileReference; lastKnownFileType = sourcecode.swift; path = GestureRecognizerTests.swift; sourceTree = "<group>"; };
		330FE60D2BCAE9600028014A /* GestureRecognizerUITests.xctest */ = {isa = PBXFileReference; explicitFileType = wrapper.cfbundle; includeInIndex = 0; path = GestureRecognizerUITests.xctest; sourceTree = BUILT_PRODUCTS_DIR; };
		330FE6112BCAE9600028014A /* GestureRecognizerUITests.swift */ = {isa = PBXFileReference; lastKnownFileType = sourcecode.swift; path = GestureRecognizerUITests.swift; sourceTree = "<group>"; };
		330FE6132BCAE9600028014A /* GestureRecognizerUITestsLaunchTests.swift */ = {isa = PBXFileReference; lastKnownFileType = sourcecode.swift; path = GestureRecognizerUITestsLaunchTests.swift; sourceTree = "<group>"; };
		330FE6202BCAFB4C0028014A /* cyberpunk.jpg */ = {isa = PBXFileReference; lastKnownFileType = image.jpeg; name = cyberpunk.jpg; path = ../../../cyberpunk.jpg; sourceTree = "<group>"; };
		330FE6212BCAFB4C0028014A /* ciricyberpunk.jpeg */ = {isa = PBXFileReference; lastKnownFileType = image.jpeg; name = ciricyberpunk.jpeg; path = ../../../ciricyberpunk.jpeg; sourceTree = "<group>"; };
/* End PBXFileReference section */

/* Begin PBXFrameworksBuildPhase section */
		330FE5EA2BCAE95F0028014A /* Frameworks */ = {
			isa = PBXFrameworksBuildPhase;
			buildActionMask = 2147483647;
			files = (
			);
			runOnlyForDeploymentPostprocessing = 0;
		};
		330FE6002BCAE9600028014A /* Frameworks */ = {
			isa = PBXFrameworksBuildPhase;
			buildActionMask = 2147483647;
			files = (
			);
			runOnlyForDeploymentPostprocessing = 0;
		};
		330FE60A2BCAE9600028014A /* Frameworks */ = {
			isa = PBXFrameworksBuildPhase;
			buildActionMask = 2147483647;
			files = (
			);
			runOnlyForDeploymentPostprocessing = 0;
		};
/* End PBXFrameworksBuildPhase section */

/* Begin PBXGroup section */
		330FE5E42BCAE95F0028014A = {
			isa = PBXGroup;
			children = (
				330FE5EF2BCAE95F0028014A /* GestureRecognizer */,
				330FE6062BCAE9600028014A /* GestureRecognizerTests */,
				330FE6102BCAE9600028014A /* GestureRecognizerUITests */,
				330FE5EE2BCAE95F0028014A /* Products */,
			);
			sourceTree = "<group>";
		};
		330FE5EE2BCAE95F0028014A /* Products */ = {
			isa = PBXGroup;
			children = (
				330FE5ED2BCAE95F0028014A /* GestureRecognizer.app */,
				330FE6032BCAE9600028014A /* GestureRecognizerTests.xctest */,
				330FE60D2BCAE9600028014A /* GestureRecognizerUITests.xctest */,
			);
			name = Products;
			sourceTree = "<group>";
		};
		330FE5EF2BCAE95F0028014A /* GestureRecognizer */ = {
			isa = PBXGroup;
			children = (
				330FE5F02BCAE95F0028014A /* AppDelegate.swift */,
				330FE5F22BCAE95F0028014A /* SceneDelegate.swift */,
				330FE5F42BCAE95F0028014A /* ViewController.swift */,
				330FE5F62BCAE95F0028014A /* Main.storyboard */,
				330FE5F92BCAE9600028014A /* Assets.xcassets */,
				330FE6212BCAFB4C0028014A /* ciricyberpunk.jpeg */,
				330FE6202BCAFB4C0028014A /* cyberpunk.jpg */,
				330FE5FB2BCAE9600028014A /* LaunchScreen.storyboard */,
				330FE5FE2BCAE9600028014A /* Info.plist */,
			);
			path = GestureRecognizer;
			sourceTree = "<group>";
		};
		330FE6062BCAE9600028014A /* GestureRecognizerTests */ = {
			isa = PBXGroup;
			children = (
				330FE6072BCAE9600028014A /* GestureRecognizerTests.swift */,
			);
			path = GestureRecognizerTests;
			sourceTree = "<group>";
		};
		330FE6102BCAE9600028014A /* GestureRecognizerUITests */ = {
			isa = PBXGroup;
			children = (
				330FE6112BCAE9600028014A /* GestureRecognizerUITests.swift */,
				330FE6132BCAE9600028014A /* GestureRecognizerUITestsLaunchTests.swift */,
			);
			path = GestureRecognizerUITests;
			sourceTree = "<group>";
		};
/* End PBXGroup section */

/* Begin PBXNativeTarget section */
		330FE5EC2BCAE95F0028014A /* GestureRecognizer */ = {
			isa = PBXNativeTarget;
			buildConfigurationList = 330FE6172BCAE9600028014A /* Build configuration list for PBXNativeTarget "GestureRecognizer" */;
			buildPhases = (
				330FE5E92BCAE95F0028014A /* Sources */,
				330FE5EA2BCAE95F0028014A /* Frameworks */,
				330FE5EB2BCAE95F0028014A /* Resources */,
			);
			buildRules = (
			);
			dependencies = (
			);
			name = GestureRecognizer;
			productName = GestureRecognizer;
			productReference = 330FE5ED2BCAE95F0028014A /* GestureRecognizer.app */;
			productType = "com.apple.product-type.application";
		};
		330FE6022BCAE9600028014A /* GestureRecognizerTests */ = {
			isa = PBXNativeTarget;
			buildConfigurationList = 330FE61A2BCAE9600028014A /* Build configuration list for PBXNativeTarget "GestureRecognizerTests" */;
			buildPhases = (
				330FE5FF2BCAE9600028014A /* Sources */,
				330FE6002BCAE9600028014A /* Frameworks */,
				330FE6012BCAE9600028014A /* Resources */,
			);
			buildRules = (
			);
			dependencies = (
				330FE6052BCAE9600028014A /* PBXTargetDependency */,
			);
			name = GestureRecognizerTests;
			productName = GestureRecognizerTests;
			productReference = 330FE6032BCAE9600028014A /* GestureRecognizerTests.xctest */;
			productType = "com.apple.product-type.bundle.unit-test";
		};
		330FE60C2BCAE9600028014A /* GestureRecognizerUITests */ = {
			isa = PBXNativeTarget;
			buildConfigurationList = 330FE61D2BCAE9600028014A /* Build configuration list for PBXNativeTarget "GestureRecognizerUITests" */;
			buildPhases = (
				330FE6092BCAE9600028014A /* Sources */,
				330FE60A2BCAE9600028014A /* Frameworks */,
				330FE60B2BCAE9600028014A /* Resources */,
			);
			buildRules = (
			);
			dependencies = (
				330FE60F2BCAE9600028014A /* PBXTargetDependency */,
			);
			name = GestureRecognizerUITests;
			productName = GestureRecognizerUITests;
			productReference = 330FE60D2BCAE9600028014A /* GestureRecognizerUITests.xctest */;
			productType = "com.apple.product-type.bundle.ui-testing";
		};
/* End PBXNativeTarget section */

/* Begin PBXProject section */
		330FE5E52BCAE95F0028014A /* Project object */ = {
			isa = PBXProject;
			attributes = {
				BuildIndependentTargetsInParallel = 1;
				LastSwiftUpdateCheck = 1520;
				LastUpgradeCheck = 1520;
				TargetAttributes = {
					330FE5EC2BCAE95F0028014A = {
						CreatedOnToolsVersion = 15.2;
					};
					330FE6022BCAE9600028014A = {
						CreatedOnToolsVersion = 15.2;
						TestTargetID = 330FE5EC2BCAE95F0028014A;
					};
					330FE60C2BCAE9600028014A = {
						CreatedOnToolsVersion = 15.2;
						TestTargetID = 330FE5EC2BCAE95F0028014A;
					};
				};
			};
			buildConfigurationList = 330FE5E82BCAE95F0028014A /* Build configuration list for PBXProject "GestureRecognizer" */;
			compatibilityVersion = "Xcode 14.0";
			developmentRegion = en;
			hasScannedForEncodings = 0;
			knownRegions = (
				en,
				Base,
			);
			mainGroup = 330FE5E42BCAE95F0028014A;
			productRefGroup = 330FE5EE2BCAE95F0028014A /* Products */;
			projectDirPath = "";
			projectRoot = "";
			targets = (
				330FE5EC2BCAE95F0028014A /* GestureRecognizer */,
				330FE6022BCAE9600028014A /* GestureRecognizerTests */,
				330FE60C2BCAE9600028014A /* GestureRecognizerUITests */,
			);
		};
/* End PBXProject section */

/* Begin PBXResourcesBuildPhase section */
		330FE5EB2BCAE95F0028014A /* Resources */ = {
			isa = PBXResourcesBuildPhase;
			buildActionMask = 2147483647;
			files = (
				330FE5FD2BCAE9600028014A /* LaunchScreen.storyboard in Resources */,
				330FE5FA2BCAE9600028014A /* Assets.xcassets in Resources */,
				330FE5F82BCAE95F0028014A /* Main.storyboard in Resources */,
				330FE6222BCAFB4C0028014A /* cyberpunk.jpg in Resources */,
				330FE6232BCAFB4C0028014A /* ciricyberpunk.jpeg in Resources */,
			);
			runOnlyForDeploymentPostprocessing = 0;
		};
		330FE6012BCAE9600028014A /* Resources */ = {
			isa = PBXResourcesBuildPhase;
			buildActionMask = 2147483647;
			files = (
			);
			runOnlyForDeploymentPostprocessing = 0;
		};
		330FE60B2BCAE9600028014A /* Resources */ = {
			isa = PBXResourcesBuildPhase;
			buildActionMask = 2147483647;
			files = (
			);
			runOnlyForDeploymentPostprocessing = 0;
		};
/* End PBXResourcesBuildPhase section */

/* Begin PBXSourcesBuildPhase section */
		330FE5E92BCAE95F0028014A /* Sources */ = {
			isa = PBXSourcesBuildPhase;
			buildActionMask = 2147483647;
			files = (
				330FE5F52BCAE95F0028014A /* ViewController.swift in Sources */,
				330FE5F12BCAE95F0028014A /* AppDelegate.swift in Sources */,
				330FE5F32BCAE95F0028014A /* SceneDelegate.swift in Sources */,
			);
			runOnlyForDeploymentPostprocessing = 0;
		};
		330FE5FF2BCAE9600028014A /* Sources */ = {
			isa = PBXSourcesBuildPhase;
			buildActionMask = 2147483647;
			files = (
				330FE6082BCAE9600028014A /* GestureRecognizerTests.swift in Sources */,
			);
			runOnlyForDeploymentPostprocessing = 0;
		};
		330FE6092BCAE9600028014A /* Sources */ = {
			isa = PBXSourcesBuildPhase;
			buildActionMask = 2147483647;
			files = (
				330FE6142BCAE9600028014A /* GestureRecognizerUITestsLaunchTests.swift in Sources */,
				330FE6122BCAE9600028014A /* GestureRecognizerUITests.swift in Sources */,
			);
			runOnlyForDeploymentPostprocessing = 0;
		};
/* End PBXSourcesBuildPhase section */

/* Begin PBXTargetDependency section */
		330FE6052BCAE9600028014A /* PBXTargetDependency */ = {
			isa = PBXTargetDependency;
			target = 330FE5EC2BCAE95F0028014A /* GestureRecognizer */;
			targetProxy = 330FE6042BCAE9600028014A /* PBXContainerItemProxy */;
		};
		330FE60F2BCAE9600028014A /* PBXTargetDependency */ = {
			isa = PBXTargetDependency;
			target = 330FE5EC2BCAE95F0028014A /* GestureRecognizer */;
			targetProxy = 330FE60E2BCAE9600028014A /* PBXContainerItemProxy */;
		};
/* End PBXTargetDependency section */

/* Begin PBXVariantGroup section */
		330FE5F62BCAE95F0028014A /* Main.storyboard */ = {
			isa = PBXVariantGroup;
			children = (
				330FE5F72BCAE95F0028014A /* Base */,
			);
			name = Main.storyboard;
			sourceTree = "<group>";
		};
		330FE5FB2BCAE9600028014A /* LaunchScreen.storyboard */ = {
			isa = PBXVariantGroup;
			children = (
				330FE5FC2BCAE9600028014A /* Base */,
			);
			name = LaunchScreen.storyboard;
			sourceTree = "<group>";
		};
/* End PBXVariantGroup section */

/* Begin XCBuildConfiguration section */
		330FE6152BCAE9600028014A /* Debug */ = {
			isa = XCBuildConfiguration;
			buildSettings = {
				ALWAYS_SEARCH_USER_PATHS = NO;
				ASSETCATALOG_COMPILER_GENERATE_SWIFT_ASSET_SYMBOL_EXTENSIONS = YES;
				CLANG_ANALYZER_NONNULL = YES;
				CLANG_ANALYZER_NUMBER_OBJECT_CONVERSION = YES_AGGRESSIVE;
				CLANG_CXX_LANGUAGE_STANDARD = "gnu++20";
				CLANG_ENABLE_MODULES = YES;
				CLANG_ENABLE_OBJC_ARC = YES;
				CLANG_ENABLE_OBJC_WEAK = YES;
				CLANG_WARN_BLOCK_CAPTURE_AUTORELEASING = YES;
				CLANG_WARN_BOOL_CONVERSION = YES;
				CLANG_WARN_COMMA = YES;
				CLANG_WARN_CONSTANT_CONVERSION = YES;
				CLANG_WARN_DEPRECATED_OBJC_IMPLEMENTATIONS = YES;
				CLANG_WARN_DIRECT_OBJC_ISA_USAGE = YES_ERROR;
				CLANG_WARN_DOCUMENTATION_COMMENTS = YES;
				CLANG_WARN_EMPTY_BODY = YES;
				CLANG_WARN_ENUM_CONVERSION = YES;
				CLANG_WARN_INFINITE_RECURSION = YES;
				CLANG_WARN_INT_CONVERSION = YES;
				CLANG_WARN_NON_LITERAL_NULL_CONVERSION = YES;
				CLANG_WARN_OBJC_IMPLICIT_RETAIN_SELF = YES;
				CLANG_WARN_OBJC_LITERAL_CONVERSION = YES;
				CLANG_WARN_OBJC_ROOT_CLASS = YES_ERROR;
				CLANG_WARN_QUOTED_INCLUDE_IN_FRAMEWORK_HEADER = YES;
				CLANG_WARN_RANGE_LOOP_ANALYSIS = YES;
				CLANG_WARN_STRICT_PROTOTYPES = YES;
				CLANG_WARN_SUSPICIOUS_MOVE = YES;
				CLANG_WARN_UNGUARDED_AVAILABILITY = YES_AGGRESSIVE;
				CLANG_WARN_UNREACHABLE_CODE = YES;
				CLANG_WARN__DUPLICATE_METHOD_MATCH = YES;
				COPY_PHASE_STRIP = NO;
				DEBUG_INFORMATION_FORMAT = dwarf;
				ENABLE_STRICT_OBJC_MSGSEND = YES;
				ENABLE_TESTABILITY = YES;
				ENABLE_USER_SCRIPT_SANDBOXING = YES;
				GCC_C_LANGUAGE_STANDARD = gnu17;
				GCC_DYNAMIC_NO_PIC = NO;
				GCC_NO_COMMON_BLOCKS = YES;
				GCC_OPTIMIZATION_LEVEL = 0;
				GCC_PREPROCESSOR_DEFINITIONS = (
					"DEBUG=1",
					"$(inherited)",
				);
				GCC_WARN_64_TO_32_BIT_CONVERSION = YES;
				GCC_WARN_ABOUT_RETURN_TYPE = YES_ERROR;
				GCC_WARN_UNDECLARED_SELECTOR = YES;
				GCC_WARN_UNINITIALIZED_AUTOS = YES_AGGRESSIVE;
				GCC_WARN_UNUSED_FUNCTION = YES;
				GCC_WARN_UNUSED_VARIABLE = YES;
				IPHONEOS_DEPLOYMENT_TARGET = 17.2;
				LOCALIZATION_PREFERS_STRING_CATALOGS = YES;
				MTL_ENABLE_DEBUG_INFO = INCLUDE_SOURCE;
				MTL_FAST_MATH = YES;
				ONLY_ACTIVE_ARCH = YES;
				SDKROOT = iphoneos;
				SWIFT_ACTIVE_COMPILATION_CONDITIONS = "DEBUG $(inherited)";
				SWIFT_OPTIMIZATION_LEVEL = "-Onone";
			};
			name = Debug;
		};
		330FE6162BCAE9600028014A /* Release */ = {
			isa = XCBuildConfiguration;
			buildSettings = {
				ALWAYS_SEARCH_USER_PATHS = NO;
				ASSETCATALOG_COMPILER_GENERATE_SWIFT_ASSET_SYMBOL_EXTENSIONS = YES;
				CLANG_ANALYZER_NONNULL = YES;
				CLANG_ANALYZER_NUMBER_OBJECT_CONVERSION = YES_AGGRESSIVE;
				CLANG_CXX_LANGUAGE_STANDARD = "gnu++20";
				CLANG_ENABLE_MODULES = YES;
				CLANG_ENABLE_OBJC_ARC = YES;
				CLANG_ENABLE_OBJC_WEAK = YES;
				CLANG_WARN_BLOCK_CAPTURE_AUTORELEASING = YES;
				CLANG_WARN_BOOL_CONVERSION = YES;
				CLANG_WARN_COMMA = YES;
				CLANG_WARN_CONSTANT_CONVERSION = YES;
				CLANG_WARN_DEPRECATED_OBJC_IMPLEMENTATIONS = YES;
				CLANG_WARN_DIRECT_OBJC_ISA_USAGE = YES_ERROR;
				CLANG_WARN_DOCUMENTATION_COMMENTS = YES;
				CLANG_WARN_EMPTY_BODY = YES;
				CLANG_WARN_ENUM_CONVERSION = YES;
				CLANG_WARN_INFINITE_RECURSION = YES;
				CLANG_WARN_INT_CONVERSION = YES;
				CLANG_WARN_NON_LITERAL_NULL_CONVERSION = YES;
				CLANG_WARN_OBJC_IMPLICIT_RETAIN_SELF = YES;
				CLANG_WARN_OBJC_LITERAL_CONVERSION = YES;
				CLANG_WARN_OBJC_ROOT_CLASS = YES_ERROR;
				CLANG_WARN_QUOTED_INCLUDE_IN_FRAMEWORK_HEADER = YES;
				CLANG_WARN_RANGE_LOOP_ANALYSIS = YES;
				CLANG_WARN_STRICT_PROTOTYPES = YES;
				CLANG_WARN_SUSPICIOUS_MOVE = YES;
				CLANG_WARN_UNGUARDED_AVAILABILITY = YES_AGGRESSIVE;
				CLANG_WARN_UNREACHABLE_CODE = YES;
				CLANG_WARN__DUPLICATE_METHOD_MATCH = YES;
				COPY_PHASE_STRIP = NO;
				DEBUG_INFORMATION_FORMAT = "dwarf-with-dsym";
				ENABLE_NS_ASSERTIONS = NO;
				ENABLE_STRICT_OBJC_MSGSEND = YES;
				ENABLE_USER_SCRIPT_SANDBOXING = YES;
				GCC_C_LANGUAGE_STANDARD = gnu17;
				GCC_NO_COMMON_BLOCKS = YES;
				GCC_WARN_64_TO_32_BIT_CONVERSION = YES;
				GCC_WARN_ABOUT_RETURN_TYPE = YES_ERROR;
				GCC_WARN_UNDECLARED_SELECTOR = YES;
				GCC_WARN_UNINITIALIZED_AUTOS = YES_AGGRESSIVE;
				GCC_WARN_UNUSED_FUNCTION = YES;
				GCC_WARN_UNUSED_VARIABLE = YES;
				IPHONEOS_DEPLOYMENT_TARGET = 17.2;
				LOCALIZATION_PREFERS_STRING_CATALOGS = YES;
				MTL_ENABLE_DEBUG_INFO = NO;
				MTL_FAST_MATH = YES;
				SDKROOT = iphoneos;
				SWIFT_COMPILATION_MODE = wholemodule;
				VALIDATE_PRODUCT = YES;
			};
			name = Release;
		};
		330FE6182BCAE9600028014A /* Debug */ = {
			isa = XCBuildConfiguration;
			buildSettings = {
				ASSETCATALOG_COMPILER_APPICON_NAME = AppIcon;
				ASSETCATALOG_COMPILER_GLOBAL_ACCENT_COLOR_NAME = AccentColor;
				CODE_SIGN_STYLE = Automatic;
				CURRENT_PROJECT_VERSION = 1;
				GENERATE_INFOPLIST_FILE = YES;
				INFOPLIST_FILE = GestureRecognizer/Info.plist;
				INFOPLIST_KEY_UIApplicationSupportsIndirectInputEvents = YES;
				INFOPLIST_KEY_UILaunchStoryboardName = LaunchScreen;
				INFOPLIST_KEY_UIMainStoryboardFile = Main;
				INFOPLIST_KEY_UISupportedInterfaceOrientations_iPad = "UIInterfaceOrientationPortrait UIInterfaceOrientationPortraitUpsideDown UIInterfaceOrientationLandscapeLeft UIInterfaceOrientationLandscapeRight";
				INFOPLIST_KEY_UISupportedInterfaceOrientations_iPhone = "UIInterfaceOrientationPortrait UIInterfaceOrientationLandscapeLeft UIInterfaceOrientationLandscapeRight";
				LD_RUNPATH_SEARCH_PATHS = (
					"$(inherited)",
					"@executable_path/Frameworks",
				);
				MARKETING_VERSION = 1.0;
				PRODUCT_BUNDLE_IDENTIFIER = com.erimhan.GestureRecognizer;
				PRODUCT_NAME = "$(TARGET_NAME)";
				SWIFT_EMIT_LOC_STRINGS = YES;
				SWIFT_VERSION = 5.0;
				TARGETED_DEVICE_FAMILY = "1,2";
			};
			name = Debug;
		};
		330FE6192BCAE9600028014A /* Release */ = {
			isa = XCBuildConfiguration;
			buildSettings = {
				ASSETCATALOG_COMPILER_APPICON_NAME = AppIcon;
				ASSETCATALOG_COMPILER_GLOBAL_ACCENT_COLOR_NAME = AccentColor;
				CODE_SIGN_STYLE = Automatic;
				CURRENT_PROJECT_VERSION = 1;
				GENERATE_INFOPLIST_FILE = YES;
				INFOPLIST_FILE = GestureRecognizer/Info.plist;
				INFOPLIST_KEY_UIApplicationSupportsIndirectInputEvents = YES;
				INFOPLIST_KEY_UILaunchStoryboardName = LaunchScreen;
				INFOPLIST_KEY_UIMainStoryboardFile = Main;
				INFOPLIST_KEY_UISupportedInterfaceOrientations_iPad = "UIInterfaceOrientationPortrait UIInterfaceOrientationPortraitUpsideDown UIInterfaceOrientationLandscapeLeft UIInterfaceOrientationLandscapeRight";
				INFOPLIST_KEY_UISupportedInterfaceOrientations_iPhone = "UIInterfaceOrientationPortrait UIInterfaceOrientationLandscapeLeft UIInterfaceOrientationLandscapeRight";
				LD_RUNPATH_SEARCH_PATHS = (
					"$(inherited)",
					"@executable_path/Frameworks",
				);
				MARKETING_VERSION = 1.0;
				PRODUCT_BUNDLE_IDENTIFIER = com.erimhan.GestureRecognizer;
				PRODUCT_NAME = "$(TARGET_NAME)";
				SWIFT_EMIT_LOC_STRINGS = YES;
				SWIFT_VERSION = 5.0;
				TARGETED_DEVICE_FAMILY = "1,2";
			};
			name = Release;
		};
		330FE61B2BCAE9600028014A /* Debug */ = {
			isa = XCBuildConfiguration;
			buildSettings = {
				ALWAYS_EMBED_SWIFT_STANDARD_LIBRARIES = YES;
				BUNDLE_LOADER = "$(TEST_HOST)";
				CODE_SIGN_STYLE = Automatic;
				CURRENT_PROJECT_VERSION = 1;
				GENERATE_INFOPLIST_FILE = YES;
				IPHONEOS_DEPLOYMENT_TARGET = 17.2;
				MARKETING_VERSION = 1.0;
				PRODUCT_BUNDLE_IDENTIFIER = com.erimhan.GestureRecognizerTests;
				PRODUCT_NAME = "$(TARGET_NAME)";
				SWIFT_EMIT_LOC_STRINGS = NO;
				SWIFT_VERSION = 5.0;
				TARGETED_DEVICE_FAMILY = "1,2";
				TEST_HOST = "$(BUILT_PRODUCTS_DIR)/GestureRecognizer.app/$(BUNDLE_EXECUTABLE_FOLDER_PATH)/GestureRecognizer";
			};
			name = Debug;
		};
		330FE61C2BCAE9600028014A /* Release */ = {
			isa = XCBuildConfiguration;
			buildSettings = {
				ALWAYS_EMBED_SWIFT_STANDARD_LIBRARIES = YES;
				BUNDLE_LOADER = "$(TEST_HOST)";
				CODE_SIGN_STYLE = Automatic;
				CURRENT_PROJECT_VERSION = 1;
				GENERATE_INFOPLIST_FILE = YES;
				IPHONEOS_DEPLOYMENT_TARGET = 17.2;
				MARKETING_VERSION = 1.0;
				PRODUCT_BUNDLE_IDENTIFIER = com.erimhan.GestureRecognizerTests;
				PRODUCT_NAME = "$(TARGET_NAME)";
				SWIFT_EMIT_LOC_STRINGS = NO;
				SWIFT_VERSION = 5.0;
				TARGETED_DEVICE_FAMILY = "1,2";
				TEST_HOST = "$(BUILT_PRODUCTS_DIR)/GestureRecognizer.app/$(BUNDLE_EXECUTABLE_FOLDER_PATH)/GestureRecognizer";
			};
			name = Release;
		};
		330FE61E2BCAE9600028014A /* Debug */ = {
			isa = XCBuildConfiguration;
			buildSettings = {
				ALWAYS_EMBED_SWIFT_STANDARD_LIBRARIES = YES;
				CODE_SIGN_STYLE = Automatic;
				CURRENT_PROJECT_VERSION = 1;
				GENERATE_INFOPLIST_FILE = YES;
				MARKETING_VERSION = 1.0;
				PRODUCT_BUNDLE_IDENTIFIER = com.erimhan.GestureRecognizerUITests;
				PRODUCT_NAME = "$(TARGET_NAME)";
				SWIFT_EMIT_LOC_STRINGS = NO;
				SWIFT_VERSION = 5.0;
				TARGETED_DEVICE_FAMILY = "1,2";
				TEST_TARGET_NAME = GestureRecognizer;
			};
			name = Debug;
		};
		330FE61F2BCAE9600028014A /* Release */ = {
			isa = XCBuildConfiguration;
			buildSettings = {
				ALWAYS_EMBED_SWIFT_STANDARD_LIBRARIES = YES;
				CODE_SIGN_STYLE = Automatic;
				CURRENT_PROJECT_VERSION = 1;
				GENERATE_INFOPLIST_FILE = YES;
				MARKETING_VERSION = 1.0;
				PRODUCT_BUNDLE_IDENTIFIER = com.erimhan.GestureRecognizerUITests;
				PRODUCT_NAME = "$(TARGET_NAME)";
				SWIFT_EMIT_LOC_STRINGS = NO;
				SWIFT_VERSION = 5.0;
				TARGETED_DEVICE_FAMILY = "1,2";
				TEST_TARGET_NAME = GestureRecognizer;
			};
			name = Release;
		};
/* End XCBuildConfiguration section */

/* Begin XCConfigurationList section */
		330FE5E82BCAE95F0028014A /* Build configuration list for PBXProject "GestureRecognizer" */ = {
			isa = XCConfigurationList;
			buildConfigurations = (
				330FE6152BCAE9600028014A /* Debug */,
				330FE6162BCAE9600028014A /* Release */,
			);
			defaultConfigurationIsVisible = 0;
			defaultConfigurationName = Release;
		};
		330FE6172BCAE9600028014A /* Build configuration list for PBXNativeTarget "GestureRecognizer" */ = {
			isa = XCConfigurationList;
			buildConfigurations = (
				330FE6182BCAE9600028014A /* Debug */,
				330FE6192BCAE9600028014A /* Release */,
			);
			defaultConfigurationIsVisible = 0;
			defaultConfigurationName = Release;
		};
		330FE61A2BCAE9600028014A /* Build configuration list for PBXNativeTarget "GestureRecognizerTests" */ = {
			isa = XCConfigurationList;
			buildConfigurations = (
				330FE61B2BCAE9600028014A /* Debug */,
				330FE61C2BCAE9600028014A /* Release */,
			);
			defaultConfigurationIsVisible = 0;
			defaultConfigurationName = Release;
		};
		330FE61D2BCAE9600028014A /* Build configuration list for PBXNativeTarget "GestureRecognizerUITests" */ = {
			isa = XCConfigurationList;
			buildConfigurations = (
				330FE61E2BCAE9600028014A /* Debug */,
				330FE61F2BCAE9600028014A /* Release */,
			);
			defaultConfigurationIsVisible = 0;
			defaultConfigurationName = Release;
		};
/* End XCConfigurationList section */
	};
	rootObject = 330FE5E52BCAE95F0028014A /* Project object */;
}
