// !$*UTF8*$!
{
	archiveVersion = 1;
	classes = {
	};
	objectVersion = 56;
	objects = {

/* Begin PBXBuildFile section */
		336045962BDFEBDD0076A18A /* AppDelegate.swift in Sources */ = {isa = PBXBuildFile; fileRef = 336045952BDFEBDD0076A18A /* AppDelegate.swift */; };
		336045982BDFEBDD0076A18A /* SceneDelegate.swift in Sources */ = {isa = PBXBuildFile; fileRef = 336045972BDFEBDD0076A18A /* SceneDelegate.swift */; };
		3360459A2BDFEBDD0076A18A /* ViewController.swift in Sources */ = {isa = PBXBuildFile; fileRef = 336045992BDFEBDD0076A18A /* ViewController.swift */; };
		3360459D2BDFEBDD0076A18A /* Main.storyboard in Resources */ = {isa = PBXBuildFile; fileRef = 3360459B2BDFEBDD0076A18A /* Main.storyboard */; };
		336045A02BDFEBDD0076A18A /* TravelBook.xcdatamodeld in Sources */ = {isa = PBXBuildFile; fileRef = 3360459E2BDFEBDD0076A18A /* TravelBook.xcdatamodeld */; };
		336045A22BDFEBDE0076A18A /* Assets.xcassets in Resources */ = {isa = PBXBuildFile; fileRef = 336045A12BDFEBDE0076A18A /* Assets.xcassets */; };
		336045A52BDFEBDE0076A18A /* LaunchScreen.storyboard in Resources */ = {isa = PBXBuildFile; fileRef = 336045A32BDFEBDE0076A18A /* LaunchScreen.storyboard */; };
		336045B02BDFEBDE0076A18A /* TravelBookTests.swift in Sources */ = {isa = PBXBuildFile; fileRef = 336045AF2BDFEBDE0076A18A /* TravelBookTests.swift */; };
		336045BA2BDFEBDE0076A18A /* TravelBookUITests.swift in Sources */ = {isa = PBXBuildFile; fileRef = 336045B92BDFEBDE0076A18A /* TravelBookUITests.swift */; };
		336045BC2BDFEBDE0076A18A /* TravelBookUITestsLaunchTests.swift in Sources */ = {isa = PBXBuildFile; fileRef = 336045BB2BDFEBDE0076A18A /* TravelBookUITestsLaunchTests.swift */; };
		33D979402BE2810700B5545C /* ListViewController.swift in Sources */ = {isa = PBXBuildFile; fileRef = 33D9793F2BE2810700B5545C /* ListViewController.swift */; };
/* End PBXBuildFile section */

/* Begin PBXContainerItemProxy section */
		336045AC2BDFEBDE0076A18A /* PBXContainerItemProxy */ = {
			isa = PBXContainerItemProxy;
			containerPortal = 3360458A2BDFEBDD0076A18A /* Project object */;
			proxyType = 1;
			remoteGlobalIDString = 336045912BDFEBDD0076A18A;
			remoteInfo = TravelBook;
		};
		336045B62BDFEBDE0076A18A /* PBXContainerItemProxy */ = {
			isa = PBXContainerItemProxy;
			containerPortal = 3360458A2BDFEBDD0076A18A /* Project object */;
			proxyType = 1;
			remoteGlobalIDString = 336045912BDFEBDD0076A18A;
			remoteInfo = TravelBook;
		};
/* End PBXContainerItemProxy section */

/* Begin PBXFileReference section */
		336045922BDFEBDD0076A18A /* TravelBook.app */ = {isa = PBXFileReference; explicitFileType = wrapper.application; includeInIndex = 0; path = TravelBook.app; sourceTree = BUILT_PRODUCTS_DIR; };
		336045952BDFEBDD0076A18A /* AppDelegate.swift */ = {isa = PBXFileReference; lastKnownFileType = sourcecode.swift; path = AppDelegate.swift; sourceTree = "<group>"; };
		336045972BDFEBDD0076A18A /* SceneDelegate.swift */ = {isa = PBXFileReference; lastKnownFileType = sourcecode.swift; path = SceneDelegate.swift; sourceTree = "<group>"; };
		336045992BDFEBDD0076A18A /* ViewController.swift */ = {isa = PBXFileReference; lastKnownFileType = sourcecode.swift; path = ViewController.swift; sourceTree = "<group>"; };
		3360459C2BDFEBDD0076A18A /* Base */ = {isa = PBXFileReference; lastKnownFileType = file.storyboard; name = Base; path = Base.lproj/Main.storyboard; sourceTree = "<group>"; };
		3360459F2BDFEBDD0076A18A /* TravelBook.xcdatamodel */ = {isa = PBXFileReference; lastKnownFileType = wrapper.xcdatamodel; path = TravelBook.xcdatamodel; sourceTree = "<group>"; };
		336045A12BDFEBDE0076A18A /* Assets.xcassets */ = {isa = PBXFileReference; lastKnownFileType = folder.assetcatalog; path = Assets.xcassets; sourceTree = "<group>"; };
		336045A42BDFEBDE0076A18A /* Base */ = {isa = PBXFileReference; lastKnownFileType = file.storyboard; name = Base; path = Base.lproj/LaunchScreen.storyboard; sourceTree = "<group>"; };
		336045A62BDFEBDE0076A18A /* Info.plist */ = {isa = PBXFileReference; lastKnownFileType = text.plist.xml; path = Info.plist; sourceTree = "<group>"; };
		336045AB2BDFEBDE0076A18A /* TravelBookTests.xctest */ = {isa = PBXFileReference; explicitFileType = wrapper.cfbundle; includeInIndex = 0; path = TravelBookTests.xctest; sourceTree = BUILT_PRODUCTS_DIR; };
		336045AF2BDFEBDE0076A18A /* TravelBookTests.swift */ = {isa = PBXFileReference; lastKnownFileType = sourcecode.swift; path = TravelBookTests.swift; sourceTree = "<group>"; };
		336045B52BDFEBDE0076A18A /* TravelBookUITests.xctest */ = {isa = PBXFileReference; explicitFileType = wrapper.cfbundle; includeInIndex = 0; path = TravelBookUITests.xctest; sourceTree = BUILT_PRODUCTS_DIR; };
		336045B92BDFEBDE0076A18A /* TravelBookUITests.swift */ = {isa = PBXFileReference; lastKnownFileType = sourcecode.swift; path = TravelBookUITests.swift; sourceTree = "<group>"; };
		336045BB2BDFEBDE0076A18A /* TravelBookUITestsLaunchTests.swift */ = {isa = PBXFileReference; lastKnownFileType = sourcecode.swift; path = TravelBookUITestsLaunchTests.swift; sourceTree = "<group>"; };
		33D9793F2BE2810700B5545C /* ListViewController.swift */ = {isa = PBXFileReference; lastKnownFileType = sourcecode.swift; path = ListViewController.swift; sourceTree = "<group>"; };
/* End PBXFileReference section */

/* Begin PBXFrameworksBuildPhase section */
		3360458F2BDFEBDD0076A18A /* Frameworks */ = {
			isa = PBXFrameworksBuildPhase;
			buildActionMask = 2147483647;
			files = (
			);
			runOnlyForDeploymentPostprocessing = 0;
		};
		336045A82BDFEBDE0076A18A /* Frameworks */ = {
			isa = PBXFrameworksBuildPhase;
			buildActionMask = 2147483647;
			files = (
			);
			runOnlyForDeploymentPostprocessing = 0;
		};
		336045B22BDFEBDE0076A18A /* Frameworks */ = {
			isa = PBXFrameworksBuildPhase;
			buildActionMask = 2147483647;
			files = (
			);
			runOnlyForDeploymentPostprocessing = 0;
		};
/* End PBXFrameworksBuildPhase section */

/* Begin PBXGroup section */
		336045892BDFEBDD0076A18A = {
			isa = PBXGroup;
			children = (
				336045942BDFEBDD0076A18A /* TravelBook */,
				336045AE2BDFEBDE0076A18A /* TravelBookTests */,
				336045B82BDFEBDE0076A18A /* TravelBookUITests */,
				336045932BDFEBDD0076A18A /* Products */,
			);
			sourceTree = "<group>";
		};
		336045932BDFEBDD0076A18A /* Products */ = {
			isa = PBXGroup;
			children = (
				336045922BDFEBDD0076A18A /* TravelBook.app */,
				336045AB2BDFEBDE0076A18A /* TravelBookTests.xctest */,
				336045B52BDFEBDE0076A18A /* TravelBookUITests.xctest */,
			);
			name = Products;
			sourceTree = "<group>";
		};
		336045942BDFEBDD0076A18A /* TravelBook */ = {
			isa = PBXGroup;
			children = (
				336045952BDFEBDD0076A18A /* AppDelegate.swift */,
				336045972BDFEBDD0076A18A /* SceneDelegate.swift */,
				336045992BDFEBDD0076A18A /* ViewController.swift */,
				3360459B2BDFEBDD0076A18A /* Main.storyboard */,
				336045A12BDFEBDE0076A18A /* Assets.xcassets */,
				336045A32BDFEBDE0076A18A /* LaunchScreen.storyboard */,
				336045A62BDFEBDE0076A18A /* Info.plist */,
				3360459E2BDFEBDD0076A18A /* TravelBook.xcdatamodeld */,
				33D9793F2BE2810700B5545C /* ListViewController.swift */,
			);
			path = TravelBook;
			sourceTree = "<group>";
		};
		336045AE2BDFEBDE0076A18A /* TravelBookTests */ = {
			isa = PBXGroup;
			children = (
				336045AF2BDFEBDE0076A18A /* TravelBookTests.swift */,
			);
			path = TravelBookTests;
			sourceTree = "<group>";
		};
		336045B82BDFEBDE0076A18A /* TravelBookUITests */ = {
			isa = PBXGroup;
			children = (
				336045B92BDFEBDE0076A18A /* TravelBookUITests.swift */,
				336045BB2BDFEBDE0076A18A /* TravelBookUITestsLaunchTests.swift */,
			);
			path = TravelBookUITests;
			sourceTree = "<group>";
		};
/* End PBXGroup section */

/* Begin PBXNativeTarget section */
		336045912BDFEBDD0076A18A /* TravelBook */ = {
			isa = PBXNativeTarget;
			buildConfigurationList = 336045BF2BDFEBDE0076A18A /* Build configuration list for PBXNativeTarget "TravelBook" */;
			buildPhases = (
				3360458E2BDFEBDD0076A18A /* Sources */,
				3360458F2BDFEBDD0076A18A /* Frameworks */,
				336045902BDFEBDD0076A18A /* Resources */,
			);
			buildRules = (
			);
			dependencies = (
			);
			name = TravelBook;
			productName = TravelBook;
			productReference = 336045922BDFEBDD0076A18A /* TravelBook.app */;
			productType = "com.apple.product-type.application";
		};
		336045AA2BDFEBDE0076A18A /* TravelBookTests */ = {
			isa = PBXNativeTarget;
			buildConfigurationList = 336045C22BDFEBDE0076A18A /* Build configuration list for PBXNativeTarget "TravelBookTests" */;
			buildPhases = (
				336045A72BDFEBDE0076A18A /* Sources */,
				336045A82BDFEBDE0076A18A /* Frameworks */,
				336045A92BDFEBDE0076A18A /* Resources */,
			);
			buildRules = (
			);
			dependencies = (
				336045AD2BDFEBDE0076A18A /* PBXTargetDependency */,
			);
			name = TravelBookTests;
			productName = TravelBookTests;
			productReference = 336045AB2BDFEBDE0076A18A /* TravelBookTests.xctest */;
			productType = "com.apple.product-type.bundle.unit-test";
		};
		336045B42BDFEBDE0076A18A /* TravelBookUITests */ = {
			isa = PBXNativeTarget;
			buildConfigurationList = 336045C52BDFEBDE0076A18A /* Build configuration list for PBXNativeTarget "TravelBookUITests" */;
			buildPhases = (
				336045B12BDFEBDE0076A18A /* Sources */,
				336045B22BDFEBDE0076A18A /* Frameworks */,
				336045B32BDFEBDE0076A18A /* Resources */,
			);
			buildRules = (
			);
			dependencies = (
				336045B72BDFEBDE0076A18A /* PBXTargetDependency */,
			);
			name = TravelBookUITests;
			productName = TravelBookUITests;
			productReference = 336045B52BDFEBDE0076A18A /* TravelBookUITests.xctest */;
			productType = "com.apple.product-type.bundle.ui-testing";
		};
/* End PBXNativeTarget section */

/* Begin PBXProject section */
		3360458A2BDFEBDD0076A18A /* Project object */ = {
			isa = PBXProject;
			attributes = {
				BuildIndependentTargetsInParallel = 1;
				LastSwiftUpdateCheck = 1520;
				LastUpgradeCheck = 1520;
				TargetAttributes = {
					336045912BDFEBDD0076A18A = {
						CreatedOnToolsVersion = 15.2;
					};
					336045AA2BDFEBDE0076A18A = {
						CreatedOnToolsVersion = 15.2;
						TestTargetID = 336045912BDFEBDD0076A18A;
					};
					336045B42BDFEBDE0076A18A = {
						CreatedOnToolsVersion = 15.2;
						TestTargetID = 336045912BDFEBDD0076A18A;
					};
				};
			};
			buildConfigurationList = 3360458D2BDFEBDD0076A18A /* Build configuration list for PBXProject "TravelBook" */;
			compatibilityVersion = "Xcode 14.0";
			developmentRegion = en;
			hasScannedForEncodings = 0;
			knownRegions = (
				en,
				Base,
			);
			mainGroup = 336045892BDFEBDD0076A18A;
			productRefGroup = 336045932BDFEBDD0076A18A /* Products */;
			projectDirPath = "";
			projectRoot = "";
			targets = (
				336045912BDFEBDD0076A18A /* TravelBook */,
				336045AA2BDFEBDE0076A18A /* TravelBookTests */,
				336045B42BDFEBDE0076A18A /* TravelBookUITests */,
			);
		};
/* End PBXProject section */

/* Begin PBXResourcesBuildPhase section */
		336045902BDFEBDD0076A18A /* Resources */ = {
			isa = PBXResourcesBuildPhase;
			buildActionMask = 2147483647;
			files = (
				336045A52BDFEBDE0076A18A /* LaunchScreen.storyboard in Resources */,
				336045A22BDFEBDE0076A18A /* Assets.xcassets in Resources */,
				3360459D2BDFEBDD0076A18A /* Main.storyboard in Resources */,
			);
			runOnlyForDeploymentPostprocessing = 0;
		};
		336045A92BDFEBDE0076A18A /* Resources */ = {
			isa = PBXResourcesBuildPhase;
			buildActionMask = 2147483647;
			files = (
			);
			runOnlyForDeploymentPostprocessing = 0;
		};
		336045B32BDFEBDE0076A18A /* Resources */ = {
			isa = PBXResourcesBuildPhase;
			buildActionMask = 2147483647;
			files = (
			);
			runOnlyForDeploymentPostprocessing = 0;
		};
/* End PBXResourcesBuildPhase section */

/* Begin PBXSourcesBuildPhase section */
		3360458E2BDFEBDD0076A18A /* Sources */ = {
			isa = PBXSourcesBuildPhase;
			buildActionMask = 2147483647;
			files = (
				336045A02BDFEBDD0076A18A /* TravelBook.xcdatamodeld in Sources */,
				3360459A2BDFEBDD0076A18A /* ViewController.swift in Sources */,
				33D979402BE2810700B5545C /* ListViewController.swift in Sources */,
				336045962BDFEBDD0076A18A /* AppDelegate.swift in Sources */,
				336045982BDFEBDD0076A18A /* SceneDelegate.swift in Sources */,
			);
			runOnlyForDeploymentPostprocessing = 0;
		};
		336045A72BDFEBDE0076A18A /* Sources */ = {
			isa = PBXSourcesBuildPhase;
			buildActionMask = 2147483647;
			files = (
				336045B02BDFEBDE0076A18A /* TravelBookTests.swift in Sources */,
			);
			runOnlyForDeploymentPostprocessing = 0;
		};
		336045B12BDFEBDE0076A18A /* Sources */ = {
			isa = PBXSourcesBuildPhase;
			buildActionMask = 2147483647;
			files = (
				336045BA2BDFEBDE0076A18A /* TravelBookUITests.swift in Sources */,
				336045BC2BDFEBDE0076A18A /* TravelBookUITestsLaunchTests.swift in Sources */,
			);
			runOnlyForDeploymentPostprocessing = 0;
		};
/* End PBXSourcesBuildPhase section */

/* Begin PBXTargetDependency section */
		336045AD2BDFEBDE0076A18A /* PBXTargetDependency */ = {
			isa = PBXTargetDependency;
			target = 336045912BDFEBDD0076A18A /* TravelBook */;
			targetProxy = 336045AC2BDFEBDE0076A18A /* PBXContainerItemProxy */;
		};
		336045B72BDFEBDE0076A18A /* PBXTargetDependency */ = {
			isa = PBXTargetDependency;
			target = 336045912BDFEBDD0076A18A /* TravelBook */;
			targetProxy = 336045B62BDFEBDE0076A18A /* PBXContainerItemProxy */;
		};
/* End PBXTargetDependency section */

/* Begin PBXVariantGroup section */
		3360459B2BDFEBDD0076A18A /* Main.storyboard */ = {
			isa = PBXVariantGroup;
			children = (
				3360459C2BDFEBDD0076A18A /* Base */,
			);
			name = Main.storyboard;
			sourceTree = "<group>";
		};
		336045A32BDFEBDE0076A18A /* LaunchScreen.storyboard */ = {
			isa = PBXVariantGroup;
			children = (
				336045A42BDFEBDE0076A18A /* Base */,
			);
			name = LaunchScreen.storyboard;
			sourceTree = "<group>";
		};
/* End PBXVariantGroup section */

/* Begin XCBuildConfiguration section */
		336045BD2BDFEBDE0076A18A /* Debug */ = {
			isa = XCBuildConfiguration;
			buildSettings = {
				ALWAYS_SEARCH_USER_PATHS = NO;
				ASSETCATALOG_COMPILER_GENERATE_SWIFT_ASSET_SYMBOL_EXTENSIONS = YES;
				CLANG_ANALYZER_NONNULL = YES;
				CLANG_ANALYZER_NUMBER_OBJECT_CONVERSION = YES_AGGRESSIVE;
				CLANG_CXX_LANGUAGE_STANDARD = "gnu++20";
				CLANG_ENABLE_MODULES = YES;
				CLANG_ENABLE_OBJC_ARC = YES;
				CLANG_ENABLE_OBJC_WEAK = YES;
				CLANG_WARN_BLOCK_CAPTURE_AUTORELEASING = YES;
				CLANG_WARN_BOOL_CONVERSION = YES;
				CLANG_WARN_COMMA = YES;
				CLANG_WARN_CONSTANT_CONVERSION = YES;
				CLANG_WARN_DEPRECATED_OBJC_IMPLEMENTATIONS = YES;
				CLANG_WARN_DIRECT_OBJC_ISA_USAGE = YES_ERROR;
				CLANG_WARN_DOCUMENTATION_COMMENTS = YES;
				CLANG_WARN_EMPTY_BODY = YES;
				CLANG_WARN_ENUM_CONVERSION = YES;
				CLANG_WARN_INFINITE_RECURSION = YES;
				CLANG_WARN_INT_CONVERSION = YES;
				CLANG_WARN_NON_LITERAL_NULL_CONVERSION = YES;
				CLANG_WARN_OBJC_IMPLICIT_RETAIN_SELF = YES;
				CLANG_WARN_OBJC_LITERAL_CONVERSION = YES;
				CLANG_WARN_OBJC_ROOT_CLASS = YES_ERROR;
				CLANG_WARN_QUOTED_INCLUDE_IN_FRAMEWORK_HEADER = YES;
				CLANG_WARN_RANGE_LOOP_ANALYSIS = YES;
				CLANG_WARN_STRICT_PROTOTYPES = YES;
				CLANG_WARN_SUSPICIOUS_MOVE = YES;
				CLANG_WARN_UNGUARDED_AVAILABILITY = YES_AGGRESSIVE;
				CLANG_WARN_UNREACHABLE_CODE = YES;
				CLANG_WARN__DUPLICATE_METHOD_MATCH = YES;
				COPY_PHASE_STRIP = NO;
				DEBUG_INFORMATION_FORMAT = dwarf;
				ENABLE_STRICT_OBJC_MSGSEND = YES;
				ENABLE_TESTABILITY = YES;
				ENABLE_USER_SCRIPT_SANDBOXING = YES;
				GCC_C_LANGUAGE_STANDARD = gnu17;
				GCC_DYNAMIC_NO_PIC = NO;
				GCC_NO_COMMON_BLOCKS = YES;
				GCC_OPTIMIZATION_LEVEL = 0;
				GCC_PREPROCESSOR_DEFINITIONS = (
					"DEBUG=1",
					"$(inherited)",
				);
				GCC_WARN_64_TO_32_BIT_CONVERSION = YES;
				GCC_WARN_ABOUT_RETURN_TYPE = YES_ERROR;
				GCC_WARN_UNDECLARED_SELECTOR = YES;
				GCC_WARN_UNINITIALIZED_AUTOS = YES_AGGRESSIVE;
				GCC_WARN_UNUSED_FUNCTION = YES;
				GCC_WARN_UNUSED_VARIABLE = YES;
				IPHONEOS_DEPLOYMENT_TARGET = 17.2;
				LOCALIZATION_PREFERS_STRING_CATALOGS = YES;
				MTL_ENABLE_DEBUG_INFO = INCLUDE_SOURCE;
				MTL_FAST_MATH = YES;
				ONLY_ACTIVE_ARCH = YES;
				SDKROOT = iphoneos;
				SWIFT_ACTIVE_COMPILATION_CONDITIONS = "DEBUG $(inherited)";
				SWIFT_OPTIMIZATION_LEVEL = "-Onone";
			};
			name = Debug;
		};
		336045BE2BDFEBDE0076A18A /* Release */ = {
			isa = XCBuildConfiguration;
			buildSettings = {
				ALWAYS_SEARCH_USER_PATHS = NO;
				ASSETCATALOG_COMPILER_GENERATE_SWIFT_ASSET_SYMBOL_EXTENSIONS = YES;
				CLANG_ANALYZER_NONNULL = YES;
				CLANG_ANALYZER_NUMBER_OBJECT_CONVERSION = YES_AGGRESSIVE;
				CLANG_CXX_LANGUAGE_STANDARD = "gnu++20";
				CLANG_ENABLE_MODULES = YES;
				CLANG_ENABLE_OBJC_ARC = YES;
				CLANG_ENABLE_OBJC_WEAK = YES;
				CLANG_WARN_BLOCK_CAPTURE_AUTORELEASING = YES;
				CLANG_WARN_BOOL_CONVERSION = YES;
				CLANG_WARN_COMMA = YES;
				CLANG_WARN_CONSTANT_CONVERSION = YES;
				CLANG_WARN_DEPRECATED_OBJC_IMPLEMENTATIONS = YES;
				CLANG_WARN_DIRECT_OBJC_ISA_USAGE = YES_ERROR;
				CLANG_WARN_DOCUMENTATION_COMMENTS = YES;
				CLANG_WARN_EMPTY_BODY = YES;
				CLANG_WARN_ENUM_CONVERSION = YES;
				CLANG_WARN_INFINITE_RECURSION = YES;
				CLANG_WARN_INT_CONVERSION = YES;
				CLANG_WARN_NON_LITERAL_NULL_CONVERSION = YES;
				CLANG_WARN_OBJC_IMPLICIT_RETAIN_SELF = YES;
				CLANG_WARN_OBJC_LITERAL_CONVERSION = YES;
				CLANG_WARN_OBJC_ROOT_CLASS = YES_ERROR;
				CLANG_WARN_QUOTED_INCLUDE_IN_FRAMEWORK_HEADER = YES;
				CLANG_WARN_RANGE_LOOP_ANALYSIS = YES;
				CLANG_WARN_STRICT_PROTOTYPES = YES;
				CLANG_WARN_SUSPICIOUS_MOVE = YES;
				CLANG_WARN_UNGUARDED_AVAILABILITY = YES_AGGRESSIVE;
				CLANG_WARN_UNREACHABLE_CODE = YES;
				CLANG_WARN__DUPLICATE_METHOD_MATCH = YES;
				COPY_PHASE_STRIP = NO;
				DEBUG_INFORMATION_FORMAT = "dwarf-with-dsym";
				ENABLE_NS_ASSERTIONS = NO;
				ENABLE_STRICT_OBJC_MSGSEND = YES;
				ENABLE_USER_SCRIPT_SANDBOXING = YES;
				GCC_C_LANGUAGE_STANDARD = gnu17;
				GCC_NO_COMMON_BLOCKS = YES;
				GCC_WARN_64_TO_32_BIT_CONVERSION = YES;
				GCC_WARN_ABOUT_RETURN_TYPE = YES_ERROR;
				GCC_WARN_UNDECLARED_SELECTOR = YES;
				GCC_WARN_UNINITIALIZED_AUTOS = YES_AGGRESSIVE;
				GCC_WARN_UNUSED_FUNCTION = YES;
				GCC_WARN_UNUSED_VARIABLE = YES;
				IPHONEOS_DEPLOYMENT_TARGET = 17.2;
				LOCALIZATION_PREFERS_STRING_CATALOGS = YES;
				MTL_ENABLE_DEBUG_INFO = NO;
				MTL_FAST_MATH = YES;
				SDKROOT = iphoneos;
				SWIFT_COMPILATION_MODE = wholemodule;
				VALIDATE_PRODUCT = YES;
			};
			name = Release;
		};
		336045C02BDFEBDE0076A18A /* Debug */ = {
			isa = XCBuildConfiguration;
			buildSettings = {
				ASSETCATALOG_COMPILER_APPICON_NAME = AppIcon;
				ASSETCATALOG_COMPILER_GLOBAL_ACCENT_COLOR_NAME = AccentColor;
				CODE_SIGN_STYLE = Automatic;
				CURRENT_PROJECT_VERSION = 1;
				DEVELOPMENT_TEAM = H5VL7C4U38;
				GENERATE_INFOPLIST_FILE = YES;
				INFOPLIST_FILE = TravelBook/Info.plist;
				INFOPLIST_KEY_UIApplicationSupportsIndirectInputEvents = YES;
				INFOPLIST_KEY_UILaunchStoryboardName = LaunchScreen;
				INFOPLIST_KEY_UIMainStoryboardFile = Main;
				INFOPLIST_KEY_UISupportedInterfaceOrientations_iPad = "UIInterfaceOrientationPortrait UIInterfaceOrientationPortraitUpsideDown UIInterfaceOrientationLandscapeLeft UIInterfaceOrientationLandscapeRight";
				INFOPLIST_KEY_UISupportedInterfaceOrientations_iPhone = "UIInterfaceOrientationPortrait UIInterfaceOrientationLandscapeLeft UIInterfaceOrientationLandscapeRight";
				LD_RUNPATH_SEARCH_PATHS = (
					"$(inherited)",
					"@executable_path/Frameworks",
				);
				MARKETING_VERSION = 1.0;
				PRODUCT_BUNDLE_IDENTIFIER = com.erimhan.TravelBook;
				PRODUCT_NAME = "$(TARGET_NAME)";
				SWIFT_EMIT_LOC_STRINGS = YES;
				SWIFT_VERSION = 5.0;
				TARGETED_DEVICE_FAMILY = "1,2";
			};
			name = Debug;
		};
		336045C12BDFEBDE0076A18A /* Release */ = {
			isa = XCBuildConfiguration;
			buildSettings = {
				ASSETCATALOG_COMPILER_APPICON_NAME = AppIcon;
				ASSETCATALOG_COMPILER_GLOBAL_ACCENT_COLOR_NAME = AccentColor;
				CODE_SIGN_STYLE = Automatic;
				CURRENT_PROJECT_VERSION = 1;
				DEVELOPMENT_TEAM = H5VL7C4U38;
				GENERATE_INFOPLIST_FILE = YES;
				INFOPLIST_FILE = TravelBook/Info.plist;
				INFOPLIST_KEY_UIApplicationSupportsIndirectInputEvents = YES;
				INFOPLIST_KEY_UILaunchStoryboardName = LaunchScreen;
				INFOPLIST_KEY_UIMainStoryboardFile = Main;
				INFOPLIST_KEY_UISupportedInterfaceOrientations_iPad = "UIInterfaceOrientationPortrait UIInterfaceOrientationPortraitUpsideDown UIInterfaceOrientationLandscapeLeft UIInterfaceOrientationLandscapeRight";
				INFOPLIST_KEY_UISupportedInterfaceOrientations_iPhone = "UIInterfaceOrientationPortrait UIInterfaceOrientationLandscapeLeft UIInterfaceOrientationLandscapeRight";
				LD_RUNPATH_SEARCH_PATHS = (
					"$(inherited)",
					"@executable_path/Frameworks",
				);
				MARKETING_VERSION = 1.0;
				PRODUCT_BUNDLE_IDENTIFIER = com.erimhan.TravelBook;
				PRODUCT_NAME = "$(TARGET_NAME)";
				SWIFT_EMIT_LOC_STRINGS = YES;
				SWIFT_VERSION = 5.0;
				TARGETED_DEVICE_FAMILY = "1,2";
			};
			name = Release;
		};
		336045C32BDFEBDE0076A18A /* Debug */ = {
			isa = XCBuildConfiguration;
			buildSettings = {
				ALWAYS_EMBED_SWIFT_STANDARD_LIBRARIES = YES;
				BUNDLE_LOADER = "$(TEST_HOST)";
				CODE_SIGN_STYLE = Automatic;
				CURRENT_PROJECT_VERSION = 1;
				DEVELOPMENT_TEAM = H5VL7C4U38;
				GENERATE_INFOPLIST_FILE = YES;
				IPHONEOS_DEPLOYMENT_TARGET = 17.2;
				MARKETING_VERSION = 1.0;
				PRODUCT_BUNDLE_IDENTIFIER = com.erimhan.TravelBookTests;
				PRODUCT_NAME = "$(TARGET_NAME)";
				SWIFT_EMIT_LOC_STRINGS = NO;
				SWIFT_VERSION = 5.0;
				TARGETED_DEVICE_FAMILY = "1,2";
				TEST_HOST = "$(BUILT_PRODUCTS_DIR)/TravelBook.app/$(BUNDLE_EXECUTABLE_FOLDER_PATH)/TravelBook";
			};
			name = Debug;
		};
		336045C42BDFEBDE0076A18A /* Release */ = {
			isa = XCBuildConfiguration;
			buildSettings = {
				ALWAYS_EMBED_SWIFT_STANDARD_LIBRARIES = YES;
				BUNDLE_LOADER = "$(TEST_HOST)";
				CODE_SIGN_STYLE = Automatic;
				CURRENT_PROJECT_VERSION = 1;
				DEVELOPMENT_TEAM = H5VL7C4U38;
				GENERATE_INFOPLIST_FILE = YES;
				IPHONEOS_DEPLOYMENT_TARGET = 17.2;
				MARKETING_VERSION = 1.0;
				PRODUCT_BUNDLE_IDENTIFIER = com.erimhan.TravelBookTests;
				PRODUCT_NAME = "$(TARGET_NAME)";
				SWIFT_EMIT_LOC_STRINGS = NO;
				SWIFT_VERSION = 5.0;
				TARGETED_DEVICE_FAMILY = "1,2";
				TEST_HOST = "$(BUILT_PRODUCTS_DIR)/TravelBook.app/$(BUNDLE_EXECUTABLE_FOLDER_PATH)/TravelBook";
			};
			name = Release;
		};
		336045C62BDFEBDE0076A18A /* Debug */ = {
			isa = XCBuildConfiguration;
			buildSettings = {
				ALWAYS_EMBED_SWIFT_STANDARD_LIBRARIES = YES;
				CODE_SIGN_STYLE = Automatic;
				CURRENT_PROJECT_VERSION = 1;
				DEVELOPMENT_TEAM = H5VL7C4U38;
				GENERATE_INFOPLIST_FILE = YES;
				MARKETING_VERSION = 1.0;
				PRODUCT_BUNDLE_IDENTIFIER = com.erimhan.TravelBookUITests;
				PRODUCT_NAME = "$(TARGET_NAME)";
				SWIFT_EMIT_LOC_STRINGS = NO;
				SWIFT_VERSION = 5.0;
				TARGETED_DEVICE_FAMILY = "1,2";
				TEST_TARGET_NAME = TravelBook;
			};
			name = Debug;
		};
		336045C72BDFEBDE0076A18A /* Release */ = {
			isa = XCBuildConfiguration;
			buildSettings = {
				ALWAYS_EMBED_SWIFT_STANDARD_LIBRARIES = YES;
				CODE_SIGN_STYLE = Automatic;
				CURRENT_PROJECT_VERSION = 1;
				DEVELOPMENT_TEAM = H5VL7C4U38;
				GENERATE_INFOPLIST_FILE = YES;
				MARKETING_VERSION = 1.0;
				PRODUCT_BUNDLE_IDENTIFIER = com.erimhan.TravelBookUITests;
				PRODUCT_NAME = "$(TARGET_NAME)";
				SWIFT_EMIT_LOC_STRINGS = NO;
				SWIFT_VERSION = 5.0;
				TARGETED_DEVICE_FAMILY = "1,2";
				TEST_TARGET_NAME = TravelBook;
			};
			name = Release;
		};
/* End XCBuildConfiguration section */

/* Begin XCConfigurationList section */
		3360458D2BDFEBDD0076A18A /* Build configuration list for PBXProject "TravelBook" */ = {
			isa = XCConfigurationList;
			buildConfigurations = (
				336045BD2BDFEBDE0076A18A /* Debug */,
				336045BE2BDFEBDE0076A18A /* Release */,
			);
			defaultConfigurationIsVisible = 0;
			defaultConfigurationName = Release;
		};
		336045BF2BDFEBDE0076A18A /* Build configuration list for PBXNativeTarget "TravelBook" */ = {
			isa = XCConfigurationList;
			buildConfigurations = (
				336045C02BDFEBDE0076A18A /* Debug */,
				336045C12BDFEBDE0076A18A /* Release */,
			);
			defaultConfigurationIsVisible = 0;
			defaultConfigurationName = Release;
		};
		336045C22BDFEBDE0076A18A /* Build configuration list for PBXNativeTarget "TravelBookTests" */ = {
			isa = XCConfigurationList;
			buildConfigurations = (
				336045C32BDFEBDE0076A18A /* Debug */,
				336045C42BDFEBDE0076A18A /* Release */,
			);
			defaultConfigurationIsVisible = 0;
			defaultConfigurationName = Release;
		};
		336045C52BDFEBDE0076A18A /* Build configuration list for PBXNativeTarget "TravelBookUITests" */ = {
			isa = XCConfigurationList;
			buildConfigurations = (
				336045C62BDFEBDE0076A18A /* Debug */,
				336045C72BDFEBDE0076A18A /* Release */,
			);
			defaultConfigurationIsVisible = 0;
			defaultConfigurationName = Release;
		};
/* End XCConfigurationList section */

/* Begin XCVersionGroup section */
		3360459E2BDFEBDD0076A18A /* TravelBook.xcdatamodeld */ = {
			isa = XCVersionGroup;
			children = (
				3360459F2BDFEBDD0076A18A /* TravelBook.xcdatamodel */,
			);
			currentVersion = 3360459F2BDFEBDD0076A18A /* TravelBook.xcdatamodel */;
			path = TravelBook.xcdatamodeld;
			sourceTree = "<group>";
			versionGroupType = wrapper.xcdatamodel;
		};
/* End XCVersionGroup section */
	};
	rootObject = 3360458A2BDFEBDD0076A18A /* Project object */;
}
