// !$*UTF8*$!
{
	archiveVersion = 1;
	classes = {
	};
	objectVersion = 56;
	objects = {

/* Begin PBXBuildFile section */
		33B251A02B869F680098ABBC /* AppDelegate.swift in Sources */ = {isa = PBXBuildFile; fileRef = 33B2519F2B869F680098ABBC /* AppDelegate.swift */; };
		33B251A22B869F680098ABBC /* SceneDelegate.swift in Sources */ = {isa = PBXBuildFile; fileRef = 33B251A12B869F680098ABBC /* SceneDelegate.swift */; };
		33B251A42B869F680098ABBC /* ViewController.swift in Sources */ = {isa = PBXBuildFile; fileRef = 33B251A32B869F680098ABBC /* ViewController.swift */; };
		33B251A72B869F680098ABBC /* Main.storyboard in Resources */ = {isa = PBXBuildFile; fileRef = 33B251A52B869F680098ABBC /* Main.storyboard */; };
		33B251A92B869F690098ABBC /* Assets.xcassets in Resources */ = {isa = PBXBuildFile; fileRef = 33B251A82B869F690098ABBC /* Assets.xcassets */; };
		33B251AC2B869F690098ABBC /* LaunchScreen.storyboard in Resources */ = {isa = PBXBuildFile; fileRef = 33B251AA2B869F690098ABBC /* LaunchScreen.storyboard */; };
		33B251B72B869F690098ABBC /* denemesTests.swift in Sources */ = {isa = PBXBuildFile; fileRef = 33B251B62B869F690098ABBC /* denemesTests.swift */; };
		33B251C12B869F690098ABBC /* denemesUITests.swift in Sources */ = {isa = PBXBuildFile; fileRef = 33B251C02B869F690098ABBC /* denemesUITests.swift */; };
		33B251C32B869F690098ABBC /* denemesUITestsLaunchTests.swift in Sources */ = {isa = PBXBuildFile; fileRef = 33B251C22B869F690098ABBC /* denemesUITestsLaunchTests.swift */; };
/* End PBXBuildFile section */

/* Begin PBXContainerItemProxy section */
		33B251B32B869F690098ABBC /* PBXContainerItemProxy */ = {
			isa = PBXContainerItemProxy;
			containerPortal = 33B251942B869F680098ABBC /* Project object */;
			proxyType = 1;
			remoteGlobalIDString = 33B2519B2B869F680098ABBC;
			remoteInfo = denemes;
		};
		33B251BD2B869F690098ABBC /* PBXContainerItemProxy */ = {
			isa = PBXContainerItemProxy;
			containerPortal = 33B251942B869F680098ABBC /* Project object */;
			proxyType = 1;
			remoteGlobalIDString = 33B2519B2B869F680098ABBC;
			remoteInfo = denemes;
		};
/* End PBXContainerItemProxy section */

/* Begin PBXFileReference section */
		33B2519C2B869F680098ABBC /* denemes.app */ = {isa = PBXFileReference; explicitFileType = wrapper.application; includeInIndex = 0; path = denemes.app; sourceTree = BUILT_PRODUCTS_DIR; };
		33B2519F2B869F680098ABBC /* AppDelegate.swift */ = {isa = PBXFileReference; lastKnownFileType = sourcecode.swift; path = AppDelegate.swift; sourceTree = "<group>"; };
		33B251A12B869F680098ABBC /* SceneDelegate.swift */ = {isa = PBXFileReference; lastKnownFileType = sourcecode.swift; path = SceneDelegate.swift; sourceTree = "<group>"; };
		33B251A32B869F680098ABBC /* ViewController.swift */ = {isa = PBXFileReference; lastKnownFileType = sourcecode.swift; path = ViewController.swift; sourceTree = "<group>"; };
		33B251A62B869F680098ABBC /* Base */ = {isa = PBXFileReference; lastKnownFileType = file.storyboard; name = Base; path = Base.lproj/Main.storyboard; sourceTree = "<group>"; };
		33B251A82B869F690098ABBC /* Assets.xcassets */ = {isa = PBXFileReference; lastKnownFileType = folder.assetcatalog; path = Assets.xcassets; sourceTree = "<group>"; };
		33B251AB2B869F690098ABBC /* Base */ = {isa = PBXFileReference; lastKnownFileType = file.storyboard; name = Base; path = Base.lproj/LaunchScreen.storyboard; sourceTree = "<group>"; };
		33B251AD2B869F690098ABBC /* Info.plist */ = {isa = PBXFileReference; lastKnownFileType = text.plist.xml; path = Info.plist; sourceTree = "<group>"; };
		33B251B22B869F690098ABBC /* denemesTests.xctest */ = {isa = PBXFileReference; explicitFileType = wrapper.cfbundle; includeInIndex = 0; path = denemesTests.xctest; sourceTree = BUILT_PRODUCTS_DIR; };
		33B251B62B869F690098ABBC /* denemesTests.swift */ = {isa = PBXFileReference; lastKnownFileType = sourcecode.swift; path = denemesTests.swift; sourceTree = "<group>"; };
		33B251BC2B869F690098ABBC /* denemesUITests.xctest */ = {isa = PBXFileReference; explicitFileType = wrapper.cfbundle; includeInIndex = 0; path = denemesUITests.xctest; sourceTree = BUILT_PRODUCTS_DIR; };
		33B251C02B869F690098ABBC /* denemesUITests.swift */ = {isa = PBXFileReference; lastKnownFileType = sourcecode.swift; path = denemesUITests.swift; sourceTree = "<group>"; };
		33B251C22B869F690098ABBC /* denemesUITestsLaunchTests.swift */ = {isa = PBXFileReference; lastKnownFileType = sourcecode.swift; path = denemesUITestsLaunchTests.swift; sourceTree = "<group>"; };
/* End PBXFileReference section */

/* Begin PBXFrameworksBuildPhase section */
		33B251992B869F680098ABBC /* Frameworks */ = {
			isa = PBXFrameworksBuildPhase;
			buildActionMask = 2147483647;
			files = (
			);
			runOnlyForDeploymentPostprocessing = 0;
		};
		33B251AF2B869F690098ABBC /* Frameworks */ = {
			isa = PBXFrameworksBuildPhase;
			buildActionMask = 2147483647;
			files = (
			);
			runOnlyForDeploymentPostprocessing = 0;
		};
		33B251B92B869F690098ABBC /* Frameworks */ = {
			isa = PBXFrameworksBuildPhase;
			buildActionMask = 2147483647;
			files = (
			);
			runOnlyForDeploymentPostprocessing = 0;
		};
/* End PBXFrameworksBuildPhase section */

/* Begin PBXGroup section */
		33B251932B869F680098ABBC = {
			isa = PBXGroup;
			children = (
				33B2519E2B869F680098ABBC /* denemes */,
				33B251B52B869F690098ABBC /* denemesTests */,
				33B251BF2B869F690098ABBC /* denemesUITests */,
				33B2519D2B869F680098ABBC /* Products */,
			);
			sourceTree = "<group>";
		};
		33B2519D2B869F680098ABBC /* Products */ = {
			isa = PBXGroup;
			children = (
				33B2519C2B869F680098ABBC /* denemes.app */,
				33B251B22B869F690098ABBC /* denemesTests.xctest */,
				33B251BC2B869F690098ABBC /* denemesUITests.xctest */,
			);
			name = Products;
			sourceTree = "<group>";
		};
		33B2519E2B869F680098ABBC /* denemes */ = {
			isa = PBXGroup;
			children = (
				33B2519F2B869F680098ABBC /* AppDelegate.swift */,
				33B251A12B869F680098ABBC /* SceneDelegate.swift */,
				33B251A32B869F680098ABBC /* ViewController.swift */,
				33B251A52B869F680098ABBC /* Main.storyboard */,
				33B251A82B869F690098ABBC /* Assets.xcassets */,
				33B251AA2B869F690098ABBC /* LaunchScreen.storyboard */,
				33B251AD2B869F690098ABBC /* Info.plist */,
			);
			path = denemes;
			sourceTree = "<group>";
		};
		33B251B52B869F690098ABBC /* denemesTests */ = {
			isa = PBXGroup;
			children = (
				33B251B62B869F690098ABBC /* denemesTests.swift */,
			);
			path = denemesTests;
			sourceTree = "<group>";
		};
		33B251BF2B869F690098ABBC /* denemesUITests */ = {
			isa = PBXGroup;
			children = (
				33B251C02B869F690098ABBC /* denemesUITests.swift */,
				33B251C22B869F690098ABBC /* denemesUITestsLaunchTests.swift */,
			);
			path = denemesUITests;
			sourceTree = "<group>";
		};
/* End PBXGroup section */

/* Begin PBXNativeTarget section */
		33B2519B2B869F680098ABBC /* denemes */ = {
			isa = PBXNativeTarget;
			buildConfigurationList = 33B251C62B869F690098ABBC /* Build configuration list for PBXNativeTarget "denemes" */;
			buildPhases = (
				33B251982B869F680098ABBC /* Sources */,
				33B251992B869F680098ABBC /* Frameworks */,
				33B2519A2B869F680098ABBC /* Resources */,
			);
			buildRules = (
			);
			dependencies = (
			);
			name = denemes;
			productName = denemes;
			productReference = 33B2519C2B869F680098ABBC /* denemes.app */;
			productType = "com.apple.product-type.application";
		};
		33B251B12B869F690098ABBC /* denemesTests */ = {
			isa = PBXNativeTarget;
			buildConfigurationList = 33B251C92B869F690098ABBC /* Build configuration list for PBXNativeTarget "denemesTests" */;
			buildPhases = (
				33B251AE2B869F690098ABBC /* Sources */,
				33B251AF2B869F690098ABBC /* Frameworks */,
				33B251B02B869F690098ABBC /* Resources */,
			);
			buildRules = (
			);
			dependencies = (
				33B251B42B869F690098ABBC /* PBXTargetDependency */,
			);
			name = denemesTests;
			productName = denemesTests;
			productReference = 33B251B22B869F690098ABBC /* denemesTests.xctest */;
			productType = "com.apple.product-type.bundle.unit-test";
		};
		33B251BB2B869F690098ABBC /* denemesUITests */ = {
			isa = PBXNativeTarget;
			buildConfigurationList = 33B251CC2B869F690098ABBC /* Build configuration list for PBXNativeTarget "denemesUITests" */;
			buildPhases = (
				33B251B82B869F690098ABBC /* Sources */,
				33B251B92B869F690098ABBC /* Frameworks */,
				33B251BA2B869F690098ABBC /* Resources */,
			);
			buildRules = (
			);
			dependencies = (
				33B251BE2B869F690098ABBC /* PBXTargetDependency */,
			);
			name = denemesUITests;
			productName = denemesUITests;
			productReference = 33B251BC2B869F690098ABBC /* denemesUITests.xctest */;
			productType = "com.apple.product-type.bundle.ui-testing";
		};
/* End PBXNativeTarget section */

/* Begin PBXProject section */
		33B251942B869F680098ABBC /* Project object */ = {
			isa = PBXProject;
			attributes = {
				BuildIndependentTargetsInParallel = 1;
				LastSwiftUpdateCheck = 1520;
				LastUpgradeCheck = 1520;
				TargetAttributes = {
					33B2519B2B869F680098ABBC = {
						CreatedOnToolsVersion = 15.2;
					};
					33B251B12B869F690098ABBC = {
						CreatedOnToolsVersion = 15.2;
						TestTargetID = 33B2519B2B869F680098ABBC;
					};
					33B251BB2B869F690098ABBC = {
						CreatedOnToolsVersion = 15.2;
						TestTargetID = 33B2519B2B869F680098ABBC;
					};
				};
			};
			buildConfigurationList = 33B251972B869F680098ABBC /* Build configuration list for PBXProject "denemes" */;
			compatibilityVersion = "Xcode 14.0";
			developmentRegion = en;
			hasScannedForEncodings = 0;
			knownRegions = (
				en,
				Base,
			);
			mainGroup = 33B251932B869F680098ABBC;
			productRefGroup = 33B2519D2B869F680098ABBC /* Products */;
			projectDirPath = "";
			projectRoot = "";
			targets = (
				33B2519B2B869F680098ABBC /* denemes */,
				33B251B12B869F690098ABBC /* denemesTests */,
				33B251BB2B869F690098ABBC /* denemesUITests */,
			);
		};
/* End PBXProject section */

/* Begin PBXResourcesBuildPhase section */
		33B2519A2B869F680098ABBC /* Resources */ = {
			isa = PBXResourcesBuildPhase;
			buildActionMask = 2147483647;
			files = (
				33B251AC2B869F690098ABBC /* LaunchScreen.storyboard in Resources */,
				33B251A92B869F690098ABBC /* Assets.xcassets in Resources */,
				33B251A72B869F680098ABBC /* Main.storyboard in Resources */,
			);
			runOnlyForDeploymentPostprocessing = 0;
		};
		33B251B02B869F690098ABBC /* Resources */ = {
			isa = PBXResourcesBuildPhase;
			buildActionMask = 2147483647;
			files = (
			);
			runOnlyForDeploymentPostprocessing = 0;
		};
		33B251BA2B869F690098ABBC /* Resources */ = {
			isa = PBXResourcesBuildPhase;
			buildActionMask = 2147483647;
			files = (
			);
			runOnlyForDeploymentPostprocessing = 0;
		};
/* End PBXResourcesBuildPhase section */

/* Begin PBXSourcesBuildPhase section */
		33B251982B869F680098ABBC /* Sources */ = {
			isa = PBXSourcesBuildPhase;
			buildActionMask = 2147483647;
			files = (
				33B251A42B869F680098ABBC /* ViewController.swift in Sources */,
				33B251A02B869F680098ABBC /* AppDelegate.swift in Sources */,
				33B251A22B869F680098ABBC /* SceneDelegate.swift in Sources */,
			);
			runOnlyForDeploymentPostprocessing = 0;
		};
		33B251AE2B869F690098ABBC /* Sources */ = {
			isa = PBXSourcesBuildPhase;
			buildActionMask = 2147483647;
			files = (
				33B251B72B869F690098ABBC /* denemesTests.swift in Sources */,
			);
			runOnlyForDeploymentPostprocessing = 0;
		};
		33B251B82B869F690098ABBC /* Sources */ = {
			isa = PBXSourcesBuildPhase;
			buildActionMask = 2147483647;
			files = (
				33B251C32B869F690098ABBC /* denemesUITestsLaunchTests.swift in Sources */,
				33B251C12B869F690098ABBC /* denemesUITests.swift in Sources */,
			);
			runOnlyForDeploymentPostprocessing = 0;
		};
/* End PBXSourcesBuildPhase section */

/* Begin PBXTargetDependency section */
		33B251B42B869F690098ABBC /* PBXTargetDependency */ = {
			isa = PBXTargetDependency;
			target = 33B2519B2B869F680098ABBC /* denemes */;
			targetProxy = 33B251B32B869F690098ABBC /* PBXContainerItemProxy */;
		};
		33B251BE2B869F690098ABBC /* PBXTargetDependency */ = {
			isa = PBXTargetDependency;
			target = 33B2519B2B869F680098ABBC /* denemes */;
			targetProxy = 33B251BD2B869F690098ABBC /* PBXContainerItemProxy */;
		};
/* End PBXTargetDependency section */

/* Begin PBXVariantGroup section */
		33B251A52B869F680098ABBC /* Main.storyboard */ = {
			isa = PBXVariantGroup;
			children = (
				33B251A62B869F680098ABBC /* Base */,
			);
			name = Main.storyboard;
			sourceTree = "<group>";
		};
		33B251AA2B869F690098ABBC /* LaunchScreen.storyboard */ = {
			isa = PBXVariantGroup;
			children = (
				33B251AB2B869F690098ABBC /* Base */,
			);
			name = LaunchScreen.storyboard;
			sourceTree = "<group>";
		};
/* End PBXVariantGroup section */

/* Begin XCBuildConfiguration section */
		33B251C42B869F690098ABBC /* Debug */ = {
			isa = XCBuildConfiguration;
			buildSettings = {
				ALWAYS_SEARCH_USER_PATHS = NO;
				ASSETCATALOG_COMPILER_GENERATE_SWIFT_ASSET_SYMBOL_EXTENSIONS = YES;
				CLANG_ANALYZER_NONNULL = YES;
				CLANG_ANALYZER_NUMBER_OBJECT_CONVERSION = YES_AGGRESSIVE;
				CLANG_CXX_LANGUAGE_STANDARD = "gnu++20";
				CLANG_ENABLE_MODULES = YES;
				CLANG_ENABLE_OBJC_ARC = YES;
				CLANG_ENABLE_OBJC_WEAK = YES;
				CLANG_WARN_BLOCK_CAPTURE_AUTORELEASING = YES;
				CLANG_WARN_BOOL_CONVERSION = YES;
				CLANG_WARN_COMMA = YES;
				CLANG_WARN_CONSTANT_CONVERSION = YES;
				CLANG_WARN_DEPRECATED_OBJC_IMPLEMENTATIONS = YES;
				CLANG_WARN_DIRECT_OBJC_ISA_USAGE = YES_ERROR;
				CLANG_WARN_DOCUMENTATION_COMMENTS = YES;
				CLANG_WARN_EMPTY_BODY = YES;
				CLANG_WARN_ENUM_CONVERSION = YES;
				CLANG_WARN_INFINITE_RECURSION = YES;
				CLANG_WARN_INT_CONVERSION = YES;
				CLANG_WARN_NON_LITERAL_NULL_CONVERSION = YES;
				CLANG_WARN_OBJC_IMPLICIT_RETAIN_SELF = YES;
				CLANG_WARN_OBJC_LITERAL_CONVERSION = YES;
				CLANG_WARN_OBJC_ROOT_CLASS = YES_ERROR;
				CLANG_WARN_QUOTED_INCLUDE_IN_FRAMEWORK_HEADER = YES;
				CLANG_WARN_RANGE_LOOP_ANALYSIS = YES;
				CLANG_WARN_STRICT_PROTOTYPES = YES;
				CLANG_WARN_SUSPICIOUS_MOVE = YES;
				CLANG_WARN_UNGUARDED_AVAILABILITY = YES_AGGRESSIVE;
				CLANG_WARN_UNREACHABLE_CODE = YES;
				CLANG_WARN__DUPLICATE_METHOD_MATCH = YES;
				COPY_PHASE_STRIP = NO;
				DEBUG_INFORMATION_FORMAT = dwarf;
				ENABLE_STRICT_OBJC_MSGSEND = YES;
				ENABLE_TESTABILITY = YES;
				ENABLE_USER_SCRIPT_SANDBOXING = YES;
				GCC_C_LANGUAGE_STANDARD = gnu17;
				GCC_DYNAMIC_NO_PIC = NO;
				GCC_NO_COMMON_BLOCKS = YES;
				GCC_OPTIMIZATION_LEVEL = 0;
				GCC_PREPROCESSOR_DEFINITIONS = (
					"DEBUG=1",
					"$(inherited)",
				);
				GCC_WARN_64_TO_32_BIT_CONVERSION = YES;
				GCC_WARN_ABOUT_RETURN_TYPE = YES_ERROR;
				GCC_WARN_UNDECLARED_SELECTOR = YES;
				GCC_WARN_UNINITIALIZED_AUTOS = YES_AGGRESSIVE;
				GCC_WARN_UNUSED_FUNCTION = YES;
				GCC_WARN_UNUSED_VARIABLE = YES;
				IPHONEOS_DEPLOYMENT_TARGET = 17.2;
				LOCALIZATION_PREFERS_STRING_CATALOGS = YES;
				MTL_ENABLE_DEBUG_INFO = INCLUDE_SOURCE;
				MTL_FAST_MATH = YES;
				ONLY_ACTIVE_ARCH = YES;
				SDKROOT = iphoneos;
				SWIFT_ACTIVE_COMPILATION_CONDITIONS = "DEBUG $(inherited)";
				SWIFT_OPTIMIZATION_LEVEL = "-Onone";
			};
			name = Debug;
		};
		33B251C52B869F690098ABBC /* Release */ = {
			isa = XCBuildConfiguration;
			buildSettings = {
				ALWAYS_SEARCH_USER_PATHS = NO;
				ASSETCATALOG_COMPILER_GENERATE_SWIFT_ASSET_SYMBOL_EXTENSIONS = YES;
				CLANG_ANALYZER_NONNULL = YES;
				CLANG_ANALYZER_NUMBER_OBJECT_CONVERSION = YES_AGGRESSIVE;
				CLANG_CXX_LANGUAGE_STANDARD = "gnu++20";
				CLANG_ENABLE_MODULES = YES;
				CLANG_ENABLE_OBJC_ARC = YES;
				CLANG_ENABLE_OBJC_WEAK = YES;
				CLANG_WARN_BLOCK_CAPTURE_AUTORELEASING = YES;
				CLANG_WARN_BOOL_CONVERSION = YES;
				CLANG_WARN_COMMA = YES;
				CLANG_WARN_CONSTANT_CONVERSION = YES;
				CLANG_WARN_DEPRECATED_OBJC_IMPLEMENTATIONS = YES;
				CLANG_WARN_DIRECT_OBJC_ISA_USAGE = YES_ERROR;
				CLANG_WARN_DOCUMENTATION_COMMENTS = YES;
				CLANG_WARN_EMPTY_BODY = YES;
				CLANG_WARN_ENUM_CONVERSION = YES;
				CLANG_WARN_INFINITE_RECURSION = YES;
				CLANG_WARN_INT_CONVERSION = YES;
				CLANG_WARN_NON_LITERAL_NULL_CONVERSION = YES;
				CLANG_WARN_OBJC_IMPLICIT_RETAIN_SELF = YES;
				CLANG_WARN_OBJC_LITERAL_CONVERSION = YES;
				CLANG_WARN_OBJC_ROOT_CLASS = YES_ERROR;
				CLANG_WARN_QUOTED_INCLUDE_IN_FRAMEWORK_HEADER = YES;
				CLANG_WARN_RANGE_LOOP_ANALYSIS = YES;
				CLANG_WARN_STRICT_PROTOTYPES = YES;
				CLANG_WARN_SUSPICIOUS_MOVE = YES;
				CLANG_WARN_UNGUARDED_AVAILABILITY = YES_AGGRESSIVE;
				CLANG_WARN_UNREACHABLE_CODE = YES;
				CLANG_WARN__DUPLICATE_METHOD_MATCH = YES;
				COPY_PHASE_STRIP = NO;
				DEBUG_INFORMATION_FORMAT = "dwarf-with-dsym";
				ENABLE_NS_ASSERTIONS = NO;
				ENABLE_STRICT_OBJC_MSGSEND = YES;
				ENABLE_USER_SCRIPT_SANDBOXING = YES;
				GCC_C_LANGUAGE_STANDARD = gnu17;
				GCC_NO_COMMON_BLOCKS = YES;
				GCC_WARN_64_TO_32_BIT_CONVERSION = YES;
				GCC_WARN_ABOUT_RETURN_TYPE = YES_ERROR;
				GCC_WARN_UNDECLARED_SELECTOR = YES;
				GCC_WARN_UNINITIALIZED_AUTOS = YES_AGGRESSIVE;
				GCC_WARN_UNUSED_FUNCTION = YES;
				GCC_WARN_UNUSED_VARIABLE = YES;
				IPHONEOS_DEPLOYMENT_TARGET = 17.2;
				LOCALIZATION_PREFERS_STRING_CATALOGS = YES;
				MTL_ENABLE_DEBUG_INFO = NO;
				MTL_FAST_MATH = YES;
				SDKROOT = iphoneos;
				SWIFT_COMPILATION_MODE = wholemodule;
				VALIDATE_PRODUCT = YES;
			};
			name = Release;
		};
		33B251C72B869F690098ABBC /* Debug */ = {
			isa = XCBuildConfiguration;
			buildSettings = {
				ASSETCATALOG_COMPILER_APPICON_NAME = AppIcon;
				ASSETCATALOG_COMPILER_GLOBAL_ACCENT_COLOR_NAME = AccentColor;
				CODE_SIGN_STYLE = Automatic;
				CURRENT_PROJECT_VERSION = 1;
				GENERATE_INFOPLIST_FILE = YES;
				INFOPLIST_FILE = denemes/Info.plist;
				INFOPLIST_KEY_UIApplicationSupportsIndirectInputEvents = YES;
				INFOPLIST_KEY_UILaunchStoryboardName = LaunchScreen;
				INFOPLIST_KEY_UIMainStoryboardFile = Main;
				INFOPLIST_KEY_UISupportedInterfaceOrientations_iPad = "UIInterfaceOrientationPortrait UIInterfaceOrientationPortraitUpsideDown UIInterfaceOrientationLandscapeLeft UIInterfaceOrientationLandscapeRight";
				INFOPLIST_KEY_UISupportedInterfaceOrientations_iPhone = "UIInterfaceOrientationPortrait UIInterfaceOrientationLandscapeLeft UIInterfaceOrientationLandscapeRight";
				LD_RUNPATH_SEARCH_PATHS = (
					"$(inherited)",
					"@executable_path/Frameworks",
				);
				MARKETING_VERSION = 1.0;
				PRODUCT_BUNDLE_IDENTIFIER = com.erimhan.denemes;
				PRODUCT_NAME = "$(TARGET_NAME)";
				SWIFT_EMIT_LOC_STRINGS = YES;
				SWIFT_VERSION = 5.0;
				TARGETED_DEVICE_FAMILY = "1,2";
			};
			name = Debug;
		};
		33B251C82B869F690098ABBC /* Release */ = {
			isa = XCBuildConfiguration;
			buildSettings = {
				ASSETCATALOG_COMPILER_APPICON_NAME = AppIcon;
				ASSETCATALOG_COMPILER_GLOBAL_ACCENT_COLOR_NAME = AccentColor;
				CODE_SIGN_STYLE = Automatic;
				CURRENT_PROJECT_VERSION = 1;
				GENERATE_INFOPLIST_FILE = YES;
				INFOPLIST_FILE = denemes/Info.plist;
				INFOPLIST_KEY_UIApplicationSupportsIndirectInputEvents = YES;
				INFOPLIST_KEY_UILaunchStoryboardName = LaunchScreen;
				INFOPLIST_KEY_UIMainStoryboardFile = Main;
				INFOPLIST_KEY_UISupportedInterfaceOrientations_iPad = "UIInterfaceOrientationPortrait UIInterfaceOrientationPortraitUpsideDown UIInterfaceOrientationLandscapeLeft UIInterfaceOrientationLandscapeRight";
				INFOPLIST_KEY_UISupportedInterfaceOrientations_iPhone = "UIInterfaceOrientationPortrait UIInterfaceOrientationLandscapeLeft UIInterfaceOrientationLandscapeRight";
				LD_RUNPATH_SEARCH_PATHS = (
					"$(inherited)",
					"@executable_path/Frameworks",
				);
				MARKETING_VERSION = 1.0;
				PRODUCT_BUNDLE_IDENTIFIER = com.erimhan.denemes;
				PRODUCT_NAME = "$(TARGET_NAME)";
				SWIFT_EMIT_LOC_STRINGS = YES;
				SWIFT_VERSION = 5.0;
				TARGETED_DEVICE_FAMILY = "1,2";
			};
			name = Release;
		};
		33B251CA2B869F690098ABBC /* Debug */ = {
			isa = XCBuildConfiguration;
			buildSettings = {
				ALWAYS_EMBED_SWIFT_STANDARD_LIBRARIES = YES;
				BUNDLE_LOADER = "$(TEST_HOST)";
				CODE_SIGN_STYLE = Automatic;
				CURRENT_PROJECT_VERSION = 1;
				GENERATE_INFOPLIST_FILE = YES;
				IPHONEOS_DEPLOYMENT_TARGET = 17.2;
				MARKETING_VERSION = 1.0;
				PRODUCT_BUNDLE_IDENTIFIER = com.erimhan.denemesTests;
				PRODUCT_NAME = "$(TARGET_NAME)";
				SWIFT_EMIT_LOC_STRINGS = NO;
				SWIFT_VERSION = 5.0;
				TARGETED_DEVICE_FAMILY = "1,2";
				TEST_HOST = "$(BUILT_PRODUCTS_DIR)/denemes.app/$(BUNDLE_EXECUTABLE_FOLDER_PATH)/denemes";
			};
			name = Debug;
		};
		33B251CB2B869F690098ABBC /* Release */ = {
			isa = XCBuildConfiguration;
			buildSettings = {
				ALWAYS_EMBED_SWIFT_STANDARD_LIBRARIES = YES;
				BUNDLE_LOADER = "$(TEST_HOST)";
				CODE_SIGN_STYLE = Automatic;
				CURRENT_PROJECT_VERSION = 1;
				GENERATE_INFOPLIST_FILE = YES;
				IPHONEOS_DEPLOYMENT_TARGET = 17.2;
				MARKETING_VERSION = 1.0;
				PRODUCT_BUNDLE_IDENTIFIER = com.erimhan.denemesTests;
				PRODUCT_NAME = "$(TARGET_NAME)";
				SWIFT_EMIT_LOC_STRINGS = NO;
				SWIFT_VERSION = 5.0;
				TARGETED_DEVICE_FAMILY = "1,2";
				TEST_HOST = "$(BUILT_PRODUCTS_DIR)/denemes.app/$(BUNDLE_EXECUTABLE_FOLDER_PATH)/denemes";
			};
			name = Release;
		};
		33B251CD2B869F690098ABBC /* Debug */ = {
			isa = XCBuildConfiguration;
			buildSettings = {
				ALWAYS_EMBED_SWIFT_STANDARD_LIBRARIES = YES;
				CODE_SIGN_STYLE = Automatic;
				CURRENT_PROJECT_VERSION = 1;
				GENERATE_INFOPLIST_FILE = YES;
				MARKETING_VERSION = 1.0;
				PRODUCT_BUNDLE_IDENTIFIER = com.erimhan.denemesUITests;
				PRODUCT_NAME = "$(TARGET_NAME)";
				SWIFT_EMIT_LOC_STRINGS = NO;
				SWIFT_VERSION = 5.0;
				TARGETED_DEVICE_FAMILY = "1,2";
				TEST_TARGET_NAME = denemes;
			};
			name = Debug;
		};
		33B251CE2B869F690098ABBC /* Release */ = {
			isa = XCBuildConfiguration;
			buildSettings = {
				ALWAYS_EMBED_SWIFT_STANDARD_LIBRARIES = YES;
				CODE_SIGN_STYLE = Automatic;
				CURRENT_PROJECT_VERSION = 1;
				GENERATE_INFOPLIST_FILE = YES;
				MARKETING_VERSION = 1.0;
				PRODUCT_BUNDLE_IDENTIFIER = com.erimhan.denemesUITests;
				PRODUCT_NAME = "$(TARGET_NAME)";
				SWIFT_EMIT_LOC_STRINGS = NO;
				SWIFT_VERSION = 5.0;
				TARGETED_DEVICE_FAMILY = "1,2";
				TEST_TARGET_NAME = denemes;
			};
			name = Release;
		};
/* End XCBuildConfiguration section */

/* Begin XCConfigurationList section */
		33B251972B869F680098ABBC /* Build configuration list for PBXProject "denemes" */ = {
			isa = XCConfigurationList;
			buildConfigurations = (
				33B251C42B869F690098ABBC /* Debug */,
				33B251C52B869F690098ABBC /* Release */,
			);
			defaultConfigurationIsVisible = 0;
			defaultConfigurationName = Release;
		};
		33B251C62B869F690098ABBC /* Build configuration list for PBXNativeTarget "denemes" */ = {
			isa = XCConfigurationList;
			buildConfigurations = (
				33B251C72B869F690098ABBC /* Debug */,
				33B251C82B869F690098ABBC /* Release */,
			);
			defaultConfigurationIsVisible = 0;
			defaultConfigurationName = Release;
		};
		33B251C92B869F690098ABBC /* Build configuration list for PBXNativeTarget "denemesTests" */ = {
			isa = XCConfigurationList;
			buildConfigurations = (
				33B251CA2B869F690098ABBC /* Debug */,
				33B251CB2B869F690098ABBC /* Release */,
			);
			defaultConfigurationIsVisible = 0;
			defaultConfigurationName = Release;
		};
		33B251CC2B869F690098ABBC /* Build configuration list for PBXNativeTarget "denemesUITests" */ = {
			isa = XCConfigurationList;
			buildConfigurations = (
				33B251CD2B869F690098ABBC /* Debug */,
				33B251CE2B869F690098ABBC /* Release */,
			);
			defaultConfigurationIsVisible = 0;
			defaultConfigurationName = Release;
		};
/* End XCConfigurationList section */
	};
	rootObject = 33B251942B869F680098ABBC /* Project object */;
}
