// !$*UTF8*$!
{
	archiveVersion = 1;
	classes = {
	};
	objectVersion = 56;
	objects = {

/* Begin PBXBuildFile section */
		330FE66D2BCE9C200028014A /* AppDelegate.swift in Sources */ = {isa = PBXBuildFile; fileRef = 330FE66C2BCE9C200028014A /* AppDelegate.swift */; };
		330FE66F2BCE9C200028014A /* SceneDelegate.swift in Sources */ = {isa = PBXBuildFile; fileRef = 330FE66E2BCE9C200028014A /* SceneDelegate.swift */; };
		330FE6712BCE9C200028014A /* ViewController.swift in Sources */ = {isa = PBXBuildFile; fileRef = 330FE6702BCE9C200028014A /* ViewController.swift */; };
		330FE6742BCE9C200028014A /* Main.storyboard in Resources */ = {isa = PBXBuildFile; fileRef = 330FE6722BCE9C200028014A /* Main.storyboard */; };
		330FE6762BCE9C220028014A /* Assets.xcassets in Resources */ = {isa = PBXBuildFile; fileRef = 330FE6752BCE9C220028014A /* Assets.xcassets */; };
		330FE6792BCE9C220028014A /* LaunchScreen.storyboard in Resources */ = {isa = PBXBuildFile; fileRef = 330FE6772BCE9C220028014A /* LaunchScreen.storyboard */; };
		330FE6842BCE9C220028014A /* catchMeGameTests.swift in Sources */ = {isa = PBXBuildFile; fileRef = 330FE6832BCE9C220028014A /* catchMeGameTests.swift */; };
		330FE68E2BCE9C220028014A /* catchMeGameUITests.swift in Sources */ = {isa = PBXBuildFile; fileRef = 330FE68D2BCE9C220028014A /* catchMeGameUITests.swift */; };
		330FE6902BCE9C220028014A /* catchMeGameUITestsLaunchTests.swift in Sources */ = {isa = PBXBuildFile; fileRef = 330FE68F2BCE9C220028014A /* catchMeGameUITestsLaunchTests.swift */; };
		330FE69F2BCEA4470028014A /* GameViewController.swift in Sources */ = {isa = PBXBuildFile; fileRef = 330FE69E2BCEA4470028014A /* GameViewController.swift */; };
/* End PBXBuildFile section */

/* Begin PBXContainerItemProxy section */
		330FE6802BCE9C220028014A /* PBXContainerItemProxy */ = {
			isa = PBXContainerItemProxy;
			containerPortal = 330FE6612BCE9C200028014A /* Project object */;
			proxyType = 1;
			remoteGlobalIDString = 330FE6682BCE9C200028014A;
			remoteInfo = catchMeGame;
		};
		330FE68A2BCE9C220028014A /* PBXContainerItemProxy */ = {
			isa = PBXContainerItemProxy;
			containerPortal = 330FE6612BCE9C200028014A /* Project object */;
			proxyType = 1;
			remoteGlobalIDString = 330FE6682BCE9C200028014A;
			remoteInfo = catchMeGame;
		};
/* End PBXContainerItemProxy section */

/* Begin PBXFileReference section */
		330FE6692BCE9C200028014A /* catchMeGame.app */ = {isa = PBXFileReference; explicitFileType = wrapper.application; includeInIndex = 0; path = catchMeGame.app; sourceTree = BUILT_PRODUCTS_DIR; };
		330FE66C2BCE9C200028014A /* AppDelegate.swift */ = {isa = PBXFileReference; lastKnownFileType = sourcecode.swift; path = AppDelegate.swift; sourceTree = "<group>"; };
		330FE66E2BCE9C200028014A /* SceneDelegate.swift */ = {isa = PBXFileReference; lastKnownFileType = sourcecode.swift; path = SceneDelegate.swift; sourceTree = "<group>"; };
		330FE6702BCE9C200028014A /* ViewController.swift */ = {isa = PBXFileReference; lastKnownFileType = sourcecode.swift; path = ViewController.swift; sourceTree = "<group>"; };
		330FE6732BCE9C200028014A /* Base */ = {isa = PBXFileReference; lastKnownFileType = file.storyboard; name = Base; path = Base.lproj/Main.storyboard; sourceTree = "<group>"; };
		330FE6752BCE9C220028014A /* Assets.xcassets */ = {isa = PBXFileReference; lastKnownFileType = folder.assetcatalog; path = Assets.xcassets; sourceTree = "<group>"; };
		330FE6782BCE9C220028014A /* Base */ = {isa = PBXFileReference; lastKnownFileType = file.storyboard; name = Base; path = Base.lproj/LaunchScreen.storyboard; sourceTree = "<group>"; };
		330FE67A2BCE9C220028014A /* Info.plist */ = {isa = PBXFileReference; lastKnownFileType = text.plist.xml; path = Info.plist; sourceTree = "<group>"; };
		330FE67F2BCE9C220028014A /* catchMeGameTests.xctest */ = {isa = PBXFileReference; explicitFileType = wrapper.cfbundle; includeInIndex = 0; path = catchMeGameTests.xctest; sourceTree = BUILT_PRODUCTS_DIR; };
		330FE6832BCE9C220028014A /* catchMeGameTests.swift */ = {isa = PBXFileReference; lastKnownFileType = sourcecode.swift; path = catchMeGameTests.swift; sourceTree = "<group>"; };
		330FE6892BCE9C220028014A /* catchMeGameUITests.xctest */ = {isa = PBXFileReference; explicitFileType = wrapper.cfbundle; includeInIndex = 0; path = catchMeGameUITests.xctest; sourceTree = BUILT_PRODUCTS_DIR; };
		330FE68D2BCE9C220028014A /* catchMeGameUITests.swift */ = {isa = PBXFileReference; lastKnownFileType = sourcecode.swift; path = catchMeGameUITests.swift; sourceTree = "<group>"; };
		330FE68F2BCE9C220028014A /* catchMeGameUITestsLaunchTests.swift */ = {isa = PBXFileReference; lastKnownFileType = sourcecode.swift; path = catchMeGameUITestsLaunchTests.swift; sourceTree = "<group>"; };
		330FE69E2BCEA4470028014A /* GameViewController.swift */ = {isa = PBXFileReference; lastKnownFileType = sourcecode.swift; path = GameViewController.swift; sourceTree = "<group>"; };
/* End PBXFileReference section */

/* Begin PBXFrameworksBuildPhase section */
		330FE6662BCE9C200028014A /* Frameworks */ = {
			isa = PBXFrameworksBuildPhase;
			buildActionMask = 2147483647;
			files = (
			);
			runOnlyForDeploymentPostprocessing = 0;
		};
		330FE67C2BCE9C220028014A /* Frameworks */ = {
			isa = PBXFrameworksBuildPhase;
			buildActionMask = 2147483647;
			files = (
			);
			runOnlyForDeploymentPostprocessing = 0;
		};
		330FE6862BCE9C220028014A /* Frameworks */ = {
			isa = PBXFrameworksBuildPhase;
			buildActionMask = 2147483647;
			files = (
			);
			runOnlyForDeploymentPostprocessing = 0;
		};
/* End PBXFrameworksBuildPhase section */

/* Begin PBXGroup section */
		330FE6602BCE9C200028014A = {
			isa = PBXGroup;
			children = (
				330FE69E2BCEA4470028014A /* GameViewController.swift */,
				330FE66B2BCE9C200028014A /* catchMeGame */,
				330FE6822BCE9C220028014A /* catchMeGameTests */,
				330FE68C2BCE9C220028014A /* catchMeGameUITests */,
				330FE66A2BCE9C200028014A /* Products */,
			);
			sourceTree = "<group>";
		};
		330FE66A2BCE9C200028014A /* Products */ = {
			isa = PBXGroup;
			children = (
				330FE6692BCE9C200028014A /* catchMeGame.app */,
				330FE67F2BCE9C220028014A /* catchMeGameTests.xctest */,
				330FE6892BCE9C220028014A /* catchMeGameUITests.xctest */,
			);
			name = Products;
			sourceTree = "<group>";
		};
		330FE66B2BCE9C200028014A /* catchMeGame */ = {
			isa = PBXGroup;
			children = (
				330FE66C2BCE9C200028014A /* AppDelegate.swift */,
				330FE66E2BCE9C200028014A /* SceneDelegate.swift */,
				330FE6702BCE9C200028014A /* ViewController.swift */,
				330FE6722BCE9C200028014A /* Main.storyboard */,
				330FE6752BCE9C220028014A /* Assets.xcassets */,
				330FE6772BCE9C220028014A /* LaunchScreen.storyboard */,
				330FE67A2BCE9C220028014A /* Info.plist */,
			);
			path = catchMeGame;
			sourceTree = "<group>";
		};
		330FE6822BCE9C220028014A /* catchMeGameTests */ = {
			isa = PBXGroup;
			children = (
				330FE6832BCE9C220028014A /* catchMeGameTests.swift */,
			);
			path = catchMeGameTests;
			sourceTree = "<group>";
		};
		330FE68C2BCE9C220028014A /* catchMeGameUITests */ = {
			isa = PBXGroup;
			children = (
				330FE68D2BCE9C220028014A /* catchMeGameUITests.swift */,
				330FE68F2BCE9C220028014A /* catchMeGameUITestsLaunchTests.swift */,
			);
			path = catchMeGameUITests;
			sourceTree = "<group>";
		};
/* End PBXGroup section */

/* Begin PBXNativeTarget section */
		330FE6682BCE9C200028014A /* catchMeGame */ = {
			isa = PBXNativeTarget;
			buildConfigurationList = 330FE6932BCE9C220028014A /* Build configuration list for PBXNativeTarget "catchMeGame" */;
			buildPhases = (
				330FE6652BCE9C200028014A /* Sources */,
				330FE6662BCE9C200028014A /* Frameworks */,
				330FE6672BCE9C200028014A /* Resources */,
			);
			buildRules = (
			);
			dependencies = (
			);
			name = catchMeGame;
			productName = catchMeGame;
			productReference = 330FE6692BCE9C200028014A /* catchMeGame.app */;
			productType = "com.apple.product-type.application";
		};
		330FE67E2BCE9C220028014A /* catchMeGameTests */ = {
			isa = PBXNativeTarget;
			buildConfigurationList = 330FE6962BCE9C220028014A /* Build configuration list for PBXNativeTarget "catchMeGameTests" */;
			buildPhases = (
				330FE67B2BCE9C220028014A /* Sources */,
				330FE67C2BCE9C220028014A /* Frameworks */,
				330FE67D2BCE9C220028014A /* Resources */,
			);
			buildRules = (
			);
			dependencies = (
				330FE6812BCE9C220028014A /* PBXTargetDependency */,
			);
			name = catchMeGameTests;
			productName = catchMeGameTests;
			productReference = 330FE67F2BCE9C220028014A /* catchMeGameTests.xctest */;
			productType = "com.apple.product-type.bundle.unit-test";
		};
		330FE6882BCE9C220028014A /* catchMeGameUITests */ = {
			isa = PBXNativeTarget;
			buildConfigurationList = 330FE6992BCE9C220028014A /* Build configuration list for PBXNativeTarget "catchMeGameUITests" */;
			buildPhases = (
				330FE6852BCE9C220028014A /* Sources */,
				330FE6862BCE9C220028014A /* Frameworks */,
				330FE6872BCE9C220028014A /* Resources */,
			);
			buildRules = (
			);
			dependencies = (
				330FE68B2BCE9C220028014A /* PBXTargetDependency */,
			);
			name = catchMeGameUITests;
			productName = catchMeGameUITests;
			productReference = 330FE6892BCE9C220028014A /* catchMeGameUITests.xctest */;
			productType = "com.apple.product-type.bundle.ui-testing";
		};
/* End PBXNativeTarget section */

/* Begin PBXProject section */
		330FE6612BCE9C200028014A /* Project object */ = {
			isa = PBXProject;
			attributes = {
				BuildIndependentTargetsInParallel = 1;
				LastSwiftUpdateCheck = 1520;
				LastUpgradeCheck = 1520;
				TargetAttributes = {
					330FE6682BCE9C200028014A = {
						CreatedOnToolsVersion = 15.2;
					};
					330FE67E2BCE9C220028014A = {
						CreatedOnToolsVersion = 15.2;
						TestTargetID = 330FE6682BCE9C200028014A;
					};
					330FE6882BCE9C220028014A = {
						CreatedOnToolsVersion = 15.2;
						TestTargetID = 330FE6682BCE9C200028014A;
					};
				};
			};
			buildConfigurationList = 330FE6642BCE9C200028014A /* Build configuration list for PBXProject "catchMeGame" */;
			compatibilityVersion = "Xcode 14.0";
			developmentRegion = en;
			hasScannedForEncodings = 0;
			knownRegions = (
				en,
				Base,
			);
			mainGroup = 330FE6602BCE9C200028014A;
			productRefGroup = 330FE66A2BCE9C200028014A /* Products */;
			projectDirPath = "";
			projectRoot = "";
			targets = (
				330FE6682BCE9C200028014A /* catchMeGame */,
				330FE67E2BCE9C220028014A /* catchMeGameTests */,
				330FE6882BCE9C220028014A /* catchMeGameUITests */,
			);
		};
/* End PBXProject section */

/* Begin PBXResourcesBuildPhase section */
		330FE6672BCE9C200028014A /* Resources */ = {
			isa = PBXResourcesBuildPhase;
			buildActionMask = 2147483647;
			files = (
				330FE6792BCE9C220028014A /* LaunchScreen.storyboard in Resources */,
				330FE6762BCE9C220028014A /* Assets.xcassets in Resources */,
				330FE6742BCE9C200028014A /* Main.storyboard in Resources */,
			);
			runOnlyForDeploymentPostprocessing = 0;
		};
		330FE67D2BCE9C220028014A /* Resources */ = {
			isa = PBXResourcesBuildPhase;
			buildActionMask = 2147483647;
			files = (
			);
			runOnlyForDeploymentPostprocessing = 0;
		};
		330FE6872BCE9C220028014A /* Resources */ = {
			isa = PBXResourcesBuildPhase;
			buildActionMask = 2147483647;
			files = (
			);
			runOnlyForDeploymentPostprocessing = 0;
		};
/* End PBXResourcesBuildPhase section */

/* Begin PBXSourcesBuildPhase section */
		330FE6652BCE9C200028014A /* Sources */ = {
			isa = PBXSourcesBuildPhase;
			buildActionMask = 2147483647;
			files = (
				330FE69F2BCEA4470028014A /* GameViewController.swift in Sources */,
				330FE6712BCE9C200028014A /* ViewController.swift in Sources */,
				330FE66D2BCE9C200028014A /* AppDelegate.swift in Sources */,
				330FE66F2BCE9C200028014A /* SceneDelegate.swift in Sources */,
			);
			runOnlyForDeploymentPostprocessing = 0;
		};
		330FE67B2BCE9C220028014A /* Sources */ = {
			isa = PBXSourcesBuildPhase;
			buildActionMask = 2147483647;
			files = (
				330FE6842BCE9C220028014A /* catchMeGameTests.swift in Sources */,
			);
			runOnlyForDeploymentPostprocessing = 0;
		};
		330FE6852BCE9C220028014A /* Sources */ = {
			isa = PBXSourcesBuildPhase;
			buildActionMask = 2147483647;
			files = (
				330FE6902BCE9C220028014A /* catchMeGameUITestsLaunchTests.swift in Sources */,
				330FE68E2BCE9C220028014A /* catchMeGameUITests.swift in Sources */,
			);
			runOnlyForDeploymentPostprocessing = 0;
		};
/* End PBXSourcesBuildPhase section */

/* Begin PBXTargetDependency section */
		330FE6812BCE9C220028014A /* PBXTargetDependency */ = {
			isa = PBXTargetDependency;
			target = 330FE6682BCE9C200028014A /* catchMeGame */;
			targetProxy = 330FE6802BCE9C220028014A /* PBXContainerItemProxy */;
		};
		330FE68B2BCE9C220028014A /* PBXTargetDependency */ = {
			isa = PBXTargetDependency;
			target = 330FE6682BCE9C200028014A /* catchMeGame */;
			targetProxy = 330FE68A2BCE9C220028014A /* PBXContainerItemProxy */;
		};
/* End PBXTargetDependency section */

/* Begin PBXVariantGroup section */
		330FE6722BCE9C200028014A /* Main.storyboard */ = {
			isa = PBXVariantGroup;
			children = (
				330FE6732BCE9C200028014A /* Base */,
			);
			name = Main.storyboard;
			sourceTree = "<group>";
		};
		330FE6772BCE9C220028014A /* LaunchScreen.storyboard */ = {
			isa = PBXVariantGroup;
			children = (
				330FE6782BCE9C220028014A /* Base */,
			);
			name = LaunchScreen.storyboard;
			sourceTree = "<group>";
		};
/* End PBXVariantGroup section */

/* Begin XCBuildConfiguration section */
		330FE6912BCE9C220028014A /* Debug */ = {
			isa = XCBuildConfiguration;
			buildSettings = {
				ALWAYS_SEARCH_USER_PATHS = NO;
				ASSETCATALOG_COMPILER_GENERATE_SWIFT_ASSET_SYMBOL_EXTENSIONS = YES;
				CLANG_ANALYZER_NONNULL = YES;
				CLANG_ANALYZER_NUMBER_OBJECT_CONVERSION = YES_AGGRESSIVE;
				CLANG_CXX_LANGUAGE_STANDARD = "gnu++20";
				CLANG_ENABLE_MODULES = YES;
				CLANG_ENABLE_OBJC_ARC = YES;
				CLANG_ENABLE_OBJC_WEAK = YES;
				CLANG_WARN_BLOCK_CAPTURE_AUTORELEASING = YES;
				CLANG_WARN_BOOL_CONVERSION = YES;
				CLANG_WARN_COMMA = YES;
				CLANG_WARN_CONSTANT_CONVERSION = YES;
				CLANG_WARN_DEPRECATED_OBJC_IMPLEMENTATIONS = YES;
				CLANG_WARN_DIRECT_OBJC_ISA_USAGE = YES_ERROR;
				CLANG_WARN_DOCUMENTATION_COMMENTS = YES;
				CLANG_WARN_EMPTY_BODY = YES;
				CLANG_WARN_ENUM_CONVERSION = YES;
				CLANG_WARN_INFINITE_RECURSION = YES;
				CLANG_WARN_INT_CONVERSION = YES;
				CLANG_WARN_NON_LITERAL_NULL_CONVERSION = YES;
				CLANG_WARN_OBJC_IMPLICIT_RETAIN_SELF = YES;
				CLANG_WARN_OBJC_LITERAL_CONVERSION = YES;
				CLANG_WARN_OBJC_ROOT_CLASS = YES_ERROR;
				CLANG_WARN_QUOTED_INCLUDE_IN_FRAMEWORK_HEADER = YES;
				CLANG_WARN_RANGE_LOOP_ANALYSIS = YES;
				CLANG_WARN_STRICT_PROTOTYPES = YES;
				CLANG_WARN_SUSPICIOUS_MOVE = YES;
				CLANG_WARN_UNGUARDED_AVAILABILITY = YES_AGGRESSIVE;
				CLANG_WARN_UNREACHABLE_CODE = YES;
				CLANG_WARN__DUPLICATE_METHOD_MATCH = YES;
				COPY_PHASE_STRIP = NO;
				DEBUG_INFORMATION_FORMAT = dwarf;
				ENABLE_STRICT_OBJC_MSGSEND = YES;
				ENABLE_TESTABILITY = YES;
				ENABLE_USER_SCRIPT_SANDBOXING = YES;
				GCC_C_LANGUAGE_STANDARD = gnu17;
				GCC_DYNAMIC_NO_PIC = NO;
				GCC_NO_COMMON_BLOCKS = YES;
				GCC_OPTIMIZATION_LEVEL = 0;
				GCC_PREPROCESSOR_DEFINITIONS = (
					"DEBUG=1",
					"$(inherited)",
				);
				GCC_WARN_64_TO_32_BIT_CONVERSION = YES;
				GCC_WARN_ABOUT_RETURN_TYPE = YES_ERROR;
				GCC_WARN_UNDECLARED_SELECTOR = YES;
				GCC_WARN_UNINITIALIZED_AUTOS = YES_AGGRESSIVE;
				GCC_WARN_UNUSED_FUNCTION = YES;
				GCC_WARN_UNUSED_VARIABLE = YES;
				IPHONEOS_DEPLOYMENT_TARGET = 17.2;
				LOCALIZATION_PREFERS_STRING_CATALOGS = YES;
				MTL_ENABLE_DEBUG_INFO = INCLUDE_SOURCE;
				MTL_FAST_MATH = YES;
				ONLY_ACTIVE_ARCH = YES;
				SDKROOT = iphoneos;
				SWIFT_ACTIVE_COMPILATION_CONDITIONS = "DEBUG $(inherited)";
				SWIFT_OPTIMIZATION_LEVEL = "-Onone";
			};
			name = Debug;
		};
		330FE6922BCE9C220028014A /* Release */ = {
			isa = XCBuildConfiguration;
			buildSettings = {
				ALWAYS_SEARCH_USER_PATHS = NO;
				ASSETCATALOG_COMPILER_GENERATE_SWIFT_ASSET_SYMBOL_EXTENSIONS = YES;
				CLANG_ANALYZER_NONNULL = YES;
				CLANG_ANALYZER_NUMBER_OBJECT_CONVERSION = YES_AGGRESSIVE;
				CLANG_CXX_LANGUAGE_STANDARD = "gnu++20";
				CLANG_ENABLE_MODULES = YES;
				CLANG_ENABLE_OBJC_ARC = YES;
				CLANG_ENABLE_OBJC_WEAK = YES;
				CLANG_WARN_BLOCK_CAPTURE_AUTORELEASING = YES;
				CLANG_WARN_BOOL_CONVERSION = YES;
				CLANG_WARN_COMMA = YES;
				CLANG_WARN_CONSTANT_CONVERSION = YES;
				CLANG_WARN_DEPRECATED_OBJC_IMPLEMENTATIONS = YES;
				CLANG_WARN_DIRECT_OBJC_ISA_USAGE = YES_ERROR;
				CLANG_WARN_DOCUMENTATION_COMMENTS = YES;
				CLANG_WARN_EMPTY_BODY = YES;
				CLANG_WARN_ENUM_CONVERSION = YES;
				CLANG_WARN_INFINITE_RECURSION = YES;
				CLANG_WARN_INT_CONVERSION = YES;
				CLANG_WARN_NON_LITERAL_NULL_CONVERSION = YES;
				CLANG_WARN_OBJC_IMPLICIT_RETAIN_SELF = YES;
				CLANG_WARN_OBJC_LITERAL_CONVERSION = YES;
				CLANG_WARN_OBJC_ROOT_CLASS = YES_ERROR;
				CLANG_WARN_QUOTED_INCLUDE_IN_FRAMEWORK_HEADER = YES;
				CLANG_WARN_RANGE_LOOP_ANALYSIS = YES;
				CLANG_WARN_STRICT_PROTOTYPES = YES;
				CLANG_WARN_SUSPICIOUS_MOVE = YES;
				CLANG_WARN_UNGUARDED_AVAILABILITY = YES_AGGRESSIVE;
				CLANG_WARN_UNREACHABLE_CODE = YES;
				CLANG_WARN__DUPLICATE_METHOD_MATCH = YES;
				COPY_PHASE_STRIP = NO;
				DEBUG_INFORMATION_FORMAT = "dwarf-with-dsym";
				ENABLE_NS_ASSERTIONS = NO;
				ENABLE_STRICT_OBJC_MSGSEND = YES;
				ENABLE_USER_SCRIPT_SANDBOXING = YES;
				GCC_C_LANGUAGE_STANDARD = gnu17;
				GCC_NO_COMMON_BLOCKS = YES;
				GCC_WARN_64_TO_32_BIT_CONVERSION = YES;
				GCC_WARN_ABOUT_RETURN_TYPE = YES_ERROR;
				GCC_WARN_UNDECLARED_SELECTOR = YES;
				GCC_WARN_UNINITIALIZED_AUTOS = YES_AGGRESSIVE;
				GCC_WARN_UNUSED_FUNCTION = YES;
				GCC_WARN_UNUSED_VARIABLE = YES;
				IPHONEOS_DEPLOYMENT_TARGET = 17.2;
				LOCALIZATION_PREFERS_STRING_CATALOGS = YES;
				MTL_ENABLE_DEBUG_INFO = NO;
				MTL_FAST_MATH = YES;
				SDKROOT = iphoneos;
				SWIFT_COMPILATION_MODE = wholemodule;
				VALIDATE_PRODUCT = YES;
			};
			name = Release;
		};
		330FE6942BCE9C220028014A /* Debug */ = {
			isa = XCBuildConfiguration;
			buildSettings = {
				ASSETCATALOG_COMPILER_APPICON_NAME = AppIcon;
				ASSETCATALOG_COMPILER_GLOBAL_ACCENT_COLOR_NAME = AccentColor;
				CODE_SIGN_STYLE = Automatic;
				CURRENT_PROJECT_VERSION = 1;
				GENERATE_INFOPLIST_FILE = YES;
				INFOPLIST_FILE = catchMeGame/Info.plist;
				INFOPLIST_KEY_UIApplicationSupportsIndirectInputEvents = YES;
				INFOPLIST_KEY_UILaunchStoryboardName = LaunchScreen;
				INFOPLIST_KEY_UIMainStoryboardFile = Main;
				INFOPLIST_KEY_UISupportedInterfaceOrientations_iPad = "UIInterfaceOrientationPortrait UIInterfaceOrientationPortraitUpsideDown UIInterfaceOrientationLandscapeLeft UIInterfaceOrientationLandscapeRight";
				INFOPLIST_KEY_UISupportedInterfaceOrientations_iPhone = "UIInterfaceOrientationPortrait UIInterfaceOrientationLandscapeLeft UIInterfaceOrientationLandscapeRight";
				LD_RUNPATH_SEARCH_PATHS = (
					"$(inherited)",
					"@executable_path/Frameworks",
				);
				MARKETING_VERSION = 1.0;
				PRODUCT_BUNDLE_IDENTIFIER = com.erimhan.catchMeGame;
				PRODUCT_NAME = "$(TARGET_NAME)";
				SWIFT_EMIT_LOC_STRINGS = YES;
				SWIFT_VERSION = 5.0;
				TARGETED_DEVICE_FAMILY = "1,2";
			};
			name = Debug;
		};
		330FE6952BCE9C220028014A /* Release */ = {
			isa = XCBuildConfiguration;
			buildSettings = {
				ASSETCATALOG_COMPILER_APPICON_NAME = AppIcon;
				ASSETCATALOG_COMPILER_GLOBAL_ACCENT_COLOR_NAME = AccentColor;
				CODE_SIGN_STYLE = Automatic;
				CURRENT_PROJECT_VERSION = 1;
				GENERATE_INFOPLIST_FILE = YES;
				INFOPLIST_FILE = catchMeGame/Info.plist;
				INFOPLIST_KEY_UIApplicationSupportsIndirectInputEvents = YES;
				INFOPLIST_KEY_UILaunchStoryboardName = LaunchScreen;
				INFOPLIST_KEY_UIMainStoryboardFile = Main;
				INFOPLIST_KEY_UISupportedInterfaceOrientations_iPad = "UIInterfaceOrientationPortrait UIInterfaceOrientationPortraitUpsideDown UIInterfaceOrientationLandscapeLeft UIInterfaceOrientationLandscapeRight";
				INFOPLIST_KEY_UISupportedInterfaceOrientations_iPhone = "UIInterfaceOrientationPortrait UIInterfaceOrientationLandscapeLeft UIInterfaceOrientationLandscapeRight";
				LD_RUNPATH_SEARCH_PATHS = (
					"$(inherited)",
					"@executable_path/Frameworks",
				);
				MARKETING_VERSION = 1.0;
				PRODUCT_BUNDLE_IDENTIFIER = com.erimhan.catchMeGame;
				PRODUCT_NAME = "$(TARGET_NAME)";
				SWIFT_EMIT_LOC_STRINGS = YES;
				SWIFT_VERSION = 5.0;
				TARGETED_DEVICE_FAMILY = "1,2";
			};
			name = Release;
		};
		330FE6972BCE9C220028014A /* Debug */ = {
			isa = XCBuildConfiguration;
			buildSettings = {
				ALWAYS_EMBED_SWIFT_STANDARD_LIBRARIES = YES;
				BUNDLE_LOADER = "$(TEST_HOST)";
				CODE_SIGN_STYLE = Automatic;
				CURRENT_PROJECT_VERSION = 1;
				GENERATE_INFOPLIST_FILE = YES;
				IPHONEOS_DEPLOYMENT_TARGET = 17.2;
				MARKETING_VERSION = 1.0;
				PRODUCT_BUNDLE_IDENTIFIER = com.erimhan.catchMeGameTests;
				PRODUCT_NAME = "$(TARGET_NAME)";
				SWIFT_EMIT_LOC_STRINGS = NO;
				SWIFT_VERSION = 5.0;
				TARGETED_DEVICE_FAMILY = "1,2";
				TEST_HOST = "$(BUILT_PRODUCTS_DIR)/catchMeGame.app/$(BUNDLE_EXECUTABLE_FOLDER_PATH)/catchMeGame";
			};
			name = Debug;
		};
		330FE6982BCE9C220028014A /* Release */ = {
			isa = XCBuildConfiguration;
			buildSettings = {
				ALWAYS_EMBED_SWIFT_STANDARD_LIBRARIES = YES;
				BUNDLE_LOADER = "$(TEST_HOST)";
				CODE_SIGN_STYLE = Automatic;
				CURRENT_PROJECT_VERSION = 1;
				GENERATE_INFOPLIST_FILE = YES;
				IPHONEOS_DEPLOYMENT_TARGET = 17.2;
				MARKETING_VERSION = 1.0;
				PRODUCT_BUNDLE_IDENTIFIER = com.erimhan.catchMeGameTests;
				PRODUCT_NAME = "$(TARGET_NAME)";
				SWIFT_EMIT_LOC_STRINGS = NO;
				SWIFT_VERSION = 5.0;
				TARGETED_DEVICE_FAMILY = "1,2";
				TEST_HOST = "$(BUILT_PRODUCTS_DIR)/catchMeGame.app/$(BUNDLE_EXECUTABLE_FOLDER_PATH)/catchMeGame";
			};
			name = Release;
		};
		330FE69A2BCE9C220028014A /* Debug */ = {
			isa = XCBuildConfiguration;
			buildSettings = {
				ALWAYS_EMBED_SWIFT_STANDARD_LIBRARIES = YES;
				CODE_SIGN_STYLE = Automatic;
				CURRENT_PROJECT_VERSION = 1;
				GENERATE_INFOPLIST_FILE = YES;
				MARKETING_VERSION = 1.0;
				PRODUCT_BUNDLE_IDENTIFIER = com.erimhan.catchMeGameUITests;
				PRODUCT_NAME = "$(TARGET_NAME)";
				SWIFT_EMIT_LOC_STRINGS = NO;
				SWIFT_VERSION = 5.0;
				TARGETED_DEVICE_FAMILY = "1,2";
				TEST_TARGET_NAME = catchMeGame;
			};
			name = Debug;
		};
		330FE69B2BCE9C220028014A /* Release */ = {
			isa = XCBuildConfiguration;
			buildSettings = {
				ALWAYS_EMBED_SWIFT_STANDARD_LIBRARIES = YES;
				CODE_SIGN_STYLE = Automatic;
				CURRENT_PROJECT_VERSION = 1;
				GENERATE_INFOPLIST_FILE = YES;
				MARKETING_VERSION = 1.0;
				PRODUCT_BUNDLE_IDENTIFIER = com.erimhan.catchMeGameUITests;
				PRODUCT_NAME = "$(TARGET_NAME)";
				SWIFT_EMIT_LOC_STRINGS = NO;
				SWIFT_VERSION = 5.0;
				TARGETED_DEVICE_FAMILY = "1,2";
				TEST_TARGET_NAME = catchMeGame;
			};
			name = Release;
		};
/* End XCBuildConfiguration section */

/* Begin XCConfigurationList section */
		330FE6642BCE9C200028014A /* Build configuration list for PBXProject "catchMeGame" */ = {
			isa = XCConfigurationList;
			buildConfigurations = (
				330FE6912BCE9C220028014A /* Debug */,
				330FE6922BCE9C220028014A /* Release */,
			);
			defaultConfigurationIsVisible = 0;
			defaultConfigurationName = Release;
		};
		330FE6932BCE9C220028014A /* Build configuration list for PBXNativeTarget "catchMeGame" */ = {
			isa = XCConfigurationList;
			buildConfigurations = (
				330FE6942BCE9C220028014A /* Debug */,
				330FE6952BCE9C220028014A /* Release */,
			);
			defaultConfigurationIsVisible = 0;
			defaultConfigurationName = Release;
		};
		330FE6962BCE9C220028014A /* Build configuration list for PBXNativeTarget "catchMeGameTests" */ = {
			isa = XCConfigurationList;
			buildConfigurations = (
				330FE6972BCE9C220028014A /* Debug */,
				330FE6982BCE9C220028014A /* Release */,
			);
			defaultConfigurationIsVisible = 0;
			defaultConfigurationName = Release;
		};
		330FE6992BCE9C220028014A /* Build configuration list for PBXNativeTarget "catchMeGameUITests" */ = {
			isa = XCConfigurationList;
			buildConfigurations = (
				330FE69A2BCE9C220028014A /* Debug */,
				330FE69B2BCE9C220028014A /* Release */,
			);
			defaultConfigurationIsVisible = 0;
			defaultConfigurationName = Release;
		};
/* End XCConfigurationList section */
	};
	rootObject = 330FE6612BCE9C200028014A /* Project object */;
}
